<?xml version="1.0" encoding="utf-8"?>
<Project ToolsVersion="4.0" xmlns="http://schemas.microsoft.com/developer/msbuild/2003">
  <ItemGroup>
    <Filter Include="DLL">
      <UniqueIdentifier>{4FC737F1-C7A5-4376-A066-2A32D752A2FF}</UniqueIdentifier>
      <Extensions>cpp;c;cc;cxx;def;odl;idl;hpj;bat;asm;asmx</Extensions>
    </Filter>
    <Filter Include="Header Files">
      <UniqueIdentifier>{a8b02976-3269-481e-9942-675d00896c4e}</UniqueIdentifier>
    </Filter>
    <Filter Include="Include">
      <UniqueIdentifier>{8ae6636e-e0ea-4eec-974e-269f2280d59c}</UniqueIdentifier>
    </Filter>
    <Filter Include="GGen Squirrel API">
      <UniqueIdentifier>{a161560f-4211-46a2-bd44-84896b73caae}</UniqueIdentifier>
    </Filter>
    <Filter Include="Source Files">
      <UniqueIdentifier>{be414c54-d34b-47fb-a7c2-255d8ad204bf}</UniqueIdentifier>
    </Filter>
  </ItemGroup>
  <ItemGroup>
    <ClCompile Include="..\src_dll\dllmain.cpp">
      <Filter>DLL</Filter>
    </ClCompile>
    <ClCompile Include="..\src\ggen_squirrel.cpp">
      <Filter>GGen Squirrel API</Filter>
    </ClCompile>
    <ClCompile Include="..\src\ggen.cpp">
      <Filter>Source Files</Filter>
    </ClCompile>
    <ClCompile Include="..\src\ggen_amplitudes.cpp">
      <Filter>Source Files</Filter>
    </ClCompile>
    <ClCompile Include="..\src\ggen_data_1d.cpp">
      <Filter>Source Files</Filter>
    </ClCompile>
    <ClCompile Include="..\src\ggen_data_2d.cpp">
      <Filter>Source Files</Filter>
    </ClCompile>
    <ClCompile Include="..\src\ggen_path.cpp">
      <Filter>Source Files</Filter>
    </ClCompile>
    <ClCompile Include="..\src\ggen_point.cpp">
      <Filter>Source Files</Filter>
    </ClCompile>
    <ClCompile Include="..\src\ggen_scriptarg.cpp">
      <Filter>Source Files</Filter>
    </ClCompile>
    <ClCompile Include="..\src\ggen_progress.cpp">
      <Filter>Source Files</Filter>
    </ClCompile>
    <ClCompile Include="..\src\ggen_erosionsimulator.cpp">
      <Filter>Source Files</Filter>
    </ClCompile>
  </ItemGroup>
  <ItemGroup>
    <ClInclude Include="..\src\ggen.h">
      <Filter>Header Files</Filter>
    </ClInclude>
    <ClInclude Include="..\src\ggen_amplitudes.h">
      <Filter>Header Files</Filter>
    </ClInclude>
    <ClInclude Include="..\src\ggen_data_1d.h">
      <Filter>Header Files</Filter>
    </ClInclude>
    <ClInclude Include="..\src\ggen_data_2d.h">
      <Filter>Header Files</Filter>
    </ClInclude>
    <ClInclude Include="..\src\ggen_path.h">
      <Filter>Header Files</Filter>
    </ClInclude>
    <ClInclude Include="..\src\ggen_point.h">
      <Filter>Header Files</Filter>
    </ClInclude>
    <ClInclude Include="..\src\ggen_presets.h">
      <Filter>Header Files</Filter>
    </ClInclude>
    <ClInclude Include="..\src\ggen_scriptarg.h">
      <Filter>Header Files</Filter>
    </ClInclude>
    <ClInclude Include="..\src\ggen_support.h">
      <Filter>Header Files</Filter>
    </ClInclude>
    <ClInclude Include="..\include\geogen.h">
      <Filter>Include</Filter>
    </ClInclude>
    <ClInclude Include="..\src\ggen_squirrel.h">
      <Filter>GGen Squirrel API</Filter>
    </ClInclude>
    <ClInclude Include="..\src\ggen_progress.h">
      <Filter>Header Files</Filter>
    </ClInclude>
    <ClInclude Include="..\src\ggen_erosionsimulator.h">
      <Filter>Header Files</Filter>
    </ClInclude>
  </ItemGroup>
</Project>