
Microsoft Visual Studio Solution File, Format Version 11.00
# Visual Studio 2010
Project("{8BC9CEB8-8B4A-11D0-8D11-00A0C91BC942}") = "GeoGen Dev", "project files\GeoGen.vcxproj", "{66F6AB2A-F3C4-4BF2-A748-EFE501AFCE4B}"
EndProject
Project("{8BC9CEB8-8B4A-11D0-8D11-00A0C91BC942}") = "GeoGen Lib", "project files\GeoGen Lib.vcxproj", "{0F6088B0-1D98-4D2D-B995-D1C45FC78F55}"
EndProject
Project("{8BC9CEB8-8B4A-11D0-8D11-00A0C91BC942}") = "GeoGen Lib Test", "project files\GeoGen Lib Test.vcxproj", "{0CE07DBD-AADC-42E5-9B1E-966302EAF03D}"
	ProjectSection(ProjectDependencies) = postProject
		{0F6088B0-1D98-4D2D-B995-D1C45FC78F55} = {0F6088B0-1D98-4D2D-B995-D1C45FC78F55}
	EndProjectSection
EndProject
Project("{54435603-DBB4-11D2-8724-00A0C9A8B90C}") = "GeoGen Installer", "src_installer\GeoGen Installer\GeoGen Installer.vdproj", "{E3F3DEC1-CE11-4995-9F86-8A58298C481D}"
EndProject
Project("{8BC9CEB8-8B4A-11D0-8D11-00A0C91BC942}") = "GeoGen DLL", "project files\GeoGen DLL.vcxproj", "{1F6B5205-6FEB-42F8-9DC7-7F8C2BF84165}"
EndProject
Project("{8BC9CEB8-8B4A-11D0-8D11-00A0C91BC942}") = "GeoGen DLL Test", "project files\GeoGen DLL Test.vcxproj", "{B598D4B4-A22E-40C0-828B-A293B38FB5D6}"
	ProjectSection(ProjectDependencies) = postProject
		{1F6B5205-6FEB-42F8-9DC7-7F8C2BF84165} = {1F6B5205-6FEB-42F8-9DC7-7F8C2BF84165}
	EndProjectSection
EndProject
Project("{8BC9CEB8-8B4A-11D0-8D11-00A0C91BC942}") = "GeoGen NET", "project files\GeoGen NET.vcxproj", "{7B76756E-BC8F-4D6C-82EF-98F26FAD855F}"
EndProject
Project("{FAE04EC0-301F-11D3-BF4B-00C04F79EFBC}") = "GeoGen Studio Core", "src_studio\core\GeoGen Studio Core\GeoGen Studio Core.csproj", "{FCA5AA51-7D67-4B7B-A304-39FD8381B5C7}"
EndProject
Project("{2150E333-8FDC-42A3-9474-1A3956D46DE8}") = "GeoGen Studio", "GeoGen Studio", "{B295DF00-0BF1-4C53-BD85-D6974B098681}"
EndProject
Project("{2150E333-8FDC-42A3-9474-1A3956D46DE8}") = "Plug-ins", "Plug-ins", "{0DC80F0B-4A3B-4D4B-B237-BC6C5105452F}"
EndProject
Project("{FAE04EC0-301F-11D3-BF4B-00C04F79EFBC}") = "GGenStudio.PlugIns.MainWindow", "src_studio\plugins\Window\GGenStudio.PlugIns.MainWindow.csproj", "{71A77DFA-C195-4882-AD94-5F73FBF0F918}"
EndProject
Project("{FAE04EC0-301F-11D3-BF4B-00C04F79EFBC}") = "GGenStudio.PlugIns.DockManager", "src_studio\plugins\DockManager\GGenStudio.PlugIns.DockManager.csproj", "{800BDCE0-5B63-4B1B-927B-CDD568721938}"
EndProject
Project("{FAE04EC0-301F-11D3-BF4B-00C04F79EFBC}") = "GGenStudio.PlugIns.AvalonEditor", "src_studio\plugins\AvalonEditor\GGenStudio.PlugIns.AvalonEditor.csproj", "{5EC8333E-A9EF-4D6D-8B86-90BE82D0BA52}"
EndProject
Project("{FAE04EC0-301F-11D3-BF4B-00C04F79EFBC}") = "GGenStudio.PlugIns.Logger", "src_studio\plugins\Logger\GGenStudio.PlugIns.Logger\GGenStudio.PlugIns.Logger.csproj", "{C40DFBAB-9D05-40AB-B0AF-7E2EF67B65BF}"
EndProject
Project("{FAE04EC0-301F-11D3-BF4B-00C04F79EFBC}") = "GGenStudio.PlugIns.MenuBar", "src_studio\plugins\MenuBar\GGenStudio.PlugIns.MenuBar.csproj", "{7C9E8C01-394C-43C7-8DC2-0E16FAED7AF2}"
EndProject
Project("{FAE04EC0-301F-11D3-BF4B-00C04F79EFBC}") = "GGenStudio.PlugIns.GGen", "src_studio\plugins\GeoGen\GGenStudio.PlugIns.GGen.csproj", "{5D0FF14C-459D-4801-A825-C406D5FD6051}"
EndProject
Project("{FAE04EC0-301F-11D3-BF4B-00C04F79EFBC}") = "GGenStudio.HeightData", "src_studio\HeightData\GGenStudio.HeightData.csproj", "{EA119B85-8F12-4E84-89AB-E47D8996D016}"
EndProject
Project("{FAE04EC0-301F-11D3-BF4B-00C04F79EFBC}") = "GGenStudio.PlugIns.GeneratorUI", "src_studio\plugins\GeneratorUI\GGenStudio.PlugIns.GeneratorUI.csproj", "{17BE962C-BBD2-4AE7-987B-7D14971BE1A6}"
EndProject
Project("{FAE04EC0-301F-11D3-BF4B-00C04F79EFBC}") = "GGenStudio.PlugIns.ToolBar", "src_studio\plugins\ToolBar\GGenStudio.PlugIns.ToolBar.csproj", "{F01E1F52-EE2C-402F-ABD3-FACA897A41F6}"
EndProject
Project("{FAE04EC0-301F-11D3-BF4B-00C04F79EFBC}") = "GGenStudio.PlugIns.StatusBar", "src_studio\plugins\StatusBar\GGenStudio.PlugIns.StatusBar.csproj", "{54AEC1B4-F57E-4896-9B5E-09894414B95F}"
EndProject
Project("{FAE04EC0-301F-11D3-BF4B-00C04F79EFBC}") = "GGenStudio.PlugIns.View2D", "src_studio\plugins\View2D\GGenStudio.PlugIns.View2D.csproj", "{BDACE2EE-D55C-426B-84DA-8E1C6CB377BA}"
EndProject
Project("{FAE04EC0-301F-11D3-BF4B-00C04F79EFBC}") = "GGenStudio.PlugIns.Messages", "src_studio\plugins\Messages\GGenStudio.PlugIns.Messages.csproj", "{AAC31ADC-39D3-4DB0-9D6E-0F725A0B4FF0}"
EndProject
Project("{FAE04EC0-301F-11D3-BF4B-00C04F79EFBC}") = "GGenStudio.PlugIns.ParamGrid", "src_studio\plugins\ParamGrid\GGenStudio.PlugIns.ParamGrid.csproj", "{CF438B60-3C0D-431F-9330-7658DC2953DB}"
EndProject
Project("{FAE04EC0-301F-11D3-BF4B-00C04F79EFBC}") = "Settings", "src_studio\plugins\Settings\Settings.csproj", "{CD8B2300-5430-4357-BE95-0FB560B58589}"
EndProject
Project("{FAE04EC0-301F-11D3-BF4B-00C04F79EFBC}") = "GGenStudio.PlugIns.WelcomeScreen", "src_studio\plugins\WelcomeScreen\GGenStudio.PlugIns.WelcomeScreen.csproj", "{EEC27604-CE76-40B3-ADC8-105CB0731A58}"
EndProject
Global
	GlobalSection(SubversionScc) = preSolution
		Svn-Managed = True
		Manager = AnkhSVN - Subversion Support for Visual Studio
	EndGlobalSection
	GlobalSection(SolutionConfigurationPlatforms) = preSolution
		Debug|Any CPU = Debug|Any CPU
		Debug|Mixed Platforms = Debug|Mixed Platforms
		Debug|Win32 = Debug|Win32
		Debug|x64 = Debug|x64
		Debug|x86 = Debug|x86
		Release|Any CPU = Release|Any CPU
		Release|Mixed Platforms = Release|Mixed Platforms
		Release|Win32 = Release|Win32
		Release|x64 = Release|x64
		Release|x86 = Release|x86
	EndGlobalSection
	GlobalSection(ProjectConfigurationPlatforms) = postSolution
		{66F6AB2A-F3C4-4BF2-A748-EFE501AFCE4B}.Debug|Any CPU.ActiveCfg = Debug|Win32
		{66F6AB2A-F3C4-4BF2-A748-EFE501AFCE4B}.Debug|Mixed Platforms.ActiveCfg = Debug|Win32
		{66F6AB2A-F3C4-4BF2-A748-EFE501AFCE4B}.Debug|Mixed Platforms.Build.0 = Debug|Win32
		{66F6AB2A-F3C4-4BF2-A748-EFE501AFCE4B}.Debug|Win32.ActiveCfg = Debug|Win32
		{66F6AB2A-F3C4-4BF2-A748-EFE501AFCE4B}.Debug|Win32.Build.0 = Debug|Win32
		{66F6AB2A-F3C4-4BF2-A748-EFE501AFCE4B}.Debug|x64.ActiveCfg = Debug|x64
		{66F6AB2A-F3C4-4BF2-A748-EFE501AFCE4B}.Debug|x64.Build.0 = Debug|x64
		{66F6AB2A-F3C4-4BF2-A748-EFE501AFCE4B}.Debug|x86.ActiveCfg = Debug|x64
		{66F6AB2A-F3C4-4BF2-A748-EFE501AFCE4B}.Release|Any CPU.ActiveCfg = Release|Win32
		{66F6AB2A-F3C4-4BF2-A748-EFE501AFCE4B}.Release|Mixed Platforms.ActiveCfg = Release|Win32
		{66F6AB2A-F3C4-4BF2-A748-EFE501AFCE4B}.Release|Mixed Platforms.Build.0 = Release|Win32
		{66F6AB2A-F3C4-4BF2-A748-EFE501AFCE4B}.Release|Win32.ActiveCfg = Release|Win32
		{66F6AB2A-F3C4-4BF2-A748-EFE501AFCE4B}.Release|Win32.Build.0 = Release|Win32
		{66F6AB2A-F3C4-4BF2-A748-EFE501AFCE4B}.Release|x64.ActiveCfg = Release|x64
		{66F6AB2A-F3C4-4BF2-A748-EFE501AFCE4B}.Release|x64.Build.0 = Release|x64
		{66F6AB2A-F3C4-4BF2-A748-EFE501AFCE4B}.Release|x86.ActiveCfg = Release|x64
		{0F6088B0-1D98-4D2D-B995-D1C45FC78F55}.Debug|Any CPU.ActiveCfg = Debug|Win32
		{0F6088B0-1D98-4D2D-B995-D1C45FC78F55}.Debug|Mixed Platforms.ActiveCfg = Debug|Win32
		{0F6088B0-1D98-4D2D-B995-D1C45FC78F55}.Debug|Mixed Platforms.Build.0 = Debug|Win32
		{0F6088B0-1D98-4D2D-B995-D1C45FC78F55}.Debug|Win32.ActiveCfg = Debug|Win32
		{0F6088B0-1D98-4D2D-B995-D1C45FC78F55}.Debug|Win32.Build.0 = Debug|Win32
		{0F6088B0-1D98-4D2D-B995-D1C45FC78F55}.Debug|x64.ActiveCfg = Debug|Win32
		{0F6088B0-1D98-4D2D-B995-D1C45FC78F55}.Debug|x86.ActiveCfg = Debug|Win32
		{0F6088B0-1D98-4D2D-B995-D1C45FC78F55}.Release|Any CPU.ActiveCfg = Release|Win32
		{0F6088B0-1D98-4D2D-B995-D1C45FC78F55}.Release|Mixed Platforms.ActiveCfg = Release|Win32
		{0F6088B0-1D98-4D2D-B995-D1C45FC78F55}.Release|Mixed Platforms.Build.0 = Release|Win32
		{0F6088B0-1D98-4D2D-B995-D1C45FC78F55}.Release|Win32.ActiveCfg = Release|Win32
		{0F6088B0-1D98-4D2D-B995-D1C45FC78F55}.Release|Win32.Build.0 = Release|Win32
		{0F6088B0-1D98-4D2D-B995-D1C45FC78F55}.Release|x64.ActiveCfg = Release|Win32
		{0F6088B0-1D98-4D2D-B995-D1C45FC78F55}.Release|x86.ActiveCfg = Release|Win32
		{0CE07DBD-AADC-42E5-9B1E-966302EAF03D}.Debug|Any CPU.ActiveCfg = Debug|Win32
		{0CE07DBD-AADC-42E5-9B1E-966302EAF03D}.Debug|Mixed Platforms.ActiveCfg = Debug|Win32
		{0CE07DBD-AADC-42E5-9B1E-966302EAF03D}.Debug|Mixed Platforms.Build.0 = Debug|Win32
		{0CE07DBD-AADC-42E5-9B1E-966302EAF03D}.Debug|Win32.ActiveCfg = Debug|Win32
		{0CE07DBD-AADC-42E5-9B1E-966302EAF03D}.Debug|Win32.Build.0 = Debug|Win32
		{0CE07DBD-AADC-42E5-9B1E-966302EAF03D}.Debug|x64.ActiveCfg = Debug|Win32
		{0CE07DBD-AADC-42E5-9B1E-966302EAF03D}.Debug|x86.ActiveCfg = Debug|Win32
		{0CE07DBD-AADC-42E5-9B1E-966302EAF03D}.Release|Any CPU.ActiveCfg = Release|Win32
		{0CE07DBD-AADC-42E5-9B1E-966302EAF03D}.Release|Mixed Platforms.ActiveCfg = Release|Win32
		{0CE07DBD-AADC-42E5-9B1E-966302EAF03D}.Release|Mixed Platforms.Build.0 = Release|Win32
		{0CE07DBD-AADC-42E5-9B1E-966302EAF03D}.Release|Win32.ActiveCfg = Release|Win32
		{0CE07DBD-AADC-42E5-9B1E-966302EAF03D}.Release|Win32.Build.0 = Release|Win32
		{0CE07DBD-AADC-42E5-9B1E-966302EAF03D}.Release|x64.ActiveCfg = Release|Win32
		{0CE07DBD-AADC-42E5-9B1E-966302EAF03D}.Release|x86.ActiveCfg = Release|Win32
		{E3F3DEC1-CE11-4995-9F86-8A58298C481D}.Debug|Any CPU.ActiveCfg = Debug
		{E3F3DEC1-CE11-4995-9F86-8A58298C481D}.Debug|Mixed Platforms.ActiveCfg = Debug
		{E3F3DEC1-CE11-4995-9F86-8A58298C481D}.Debug|Win32.ActiveCfg = Debug
		{E3F3DEC1-CE11-4995-9F86-8A58298C481D}.Debug|x64.ActiveCfg = Debug
		{E3F3DEC1-CE11-4995-9F86-8A58298C481D}.Debug|x64.Build.0 = Debug
		{E3F3DEC1-CE11-4995-9F86-8A58298C481D}.Debug|x86.ActiveCfg = Debug
		{E3F3DEC1-CE11-4995-9F86-8A58298C481D}.Release|Any CPU.ActiveCfg = Release
		{E3F3DEC1-CE11-4995-9F86-8A58298C481D}.Release|Mixed Platforms.ActiveCfg = Release
		{E3F3DEC1-CE11-4995-9F86-8A58298C481D}.Release|Win32.ActiveCfg = Release
		{E3F3DEC1-CE11-4995-9F86-8A58298C481D}.Release|x64.ActiveCfg = Release
		{E3F3DEC1-CE11-4995-9F86-8A58298C481D}.Release|x64.Build.0 = Release
		{E3F3DEC1-CE11-4995-9F86-8A58298C481D}.Release|x86.ActiveCfg = Release
		{E3F3DEC1-CE11-4995-9F86-8A58298C481D}.Release|x86.Build.0 = Release
		{1F6B5205-6FEB-42F8-9DC7-7F8C2BF84165}.Debug|Any CPU.ActiveCfg = Debug|Win32
		{1F6B5205-6FEB-42F8-9DC7-7F8C2BF84165}.Debug|Mixed Platforms.ActiveCfg = Debug|Win32
		{1F6B5205-6FEB-42F8-9DC7-7F8C2BF84165}.Debug|Mixed Platforms.Build.0 = Debug|Win32
		{1F6B5205-6FEB-42F8-9DC7-7F8C2BF84165}.Debug|Win32.ActiveCfg = Debug|Win32
		{1F6B5205-6FEB-42F8-9DC7-7F8C2BF84165}.Debug|Win32.Build.0 = Debug|Win32
		{1F6B5205-6FEB-42F8-9DC7-7F8C2BF84165}.Debug|x64.ActiveCfg = Debug|Win32
		{1F6B5205-6FEB-42F8-9DC7-7F8C2BF84165}.Debug|x86.ActiveCfg = Debug|Win32
		{1F6B5205-6FEB-42F8-9DC7-7F8C2BF84165}.Debug|x86.Build.0 = Debug|Win32
		{1F6B5205-6FEB-42F8-9DC7-7F8C2BF84165}.Release|Any CPU.ActiveCfg = Release|Win32
		{1F6B5205-6FEB-42F8-9DC7-7F8C2BF84165}.Release|Mixed Platforms.ActiveCfg = Release|Win32
		{1F6B5205-6FEB-42F8-9DC7-7F8C2BF84165}.Release|Mixed Platforms.Build.0 = Release|Win32
		{1F6B5205-6FEB-42F8-9DC7-7F8C2BF84165}.Release|Win32.ActiveCfg = Release|Win32
		{1F6B5205-6FEB-42F8-9DC7-7F8C2BF84165}.Release|Win32.Build.0 = Release|Win32
		{1F6B5205-6FEB-42F8-9DC7-7F8C2BF84165}.Release|x64.ActiveCfg = Release|Win32
		{1F6B5205-6FEB-42F8-9DC7-7F8C2BF84165}.Release|x86.ActiveCfg = Release|Win32
		{B598D4B4-A22E-40C0-828B-A293B38FB5D6}.Debug|Any CPU.ActiveCfg = Debug|Win32
		{B598D4B4-A22E-40C0-828B-A293B38FB5D6}.Debug|Mixed Platforms.ActiveCfg = Debug|Win32
		{B598D4B4-A22E-40C0-828B-A293B38FB5D6}.Debug|Mixed Platforms.Build.0 = Debug|Win32
		{B598D4B4-A22E-40C0-828B-A293B38FB5D6}.Debug|Win32.ActiveCfg = Debug|Win32
		{B598D4B4-A22E-40C0-828B-A293B38FB5D6}.Debug|Win32.Build.0 = Debug|Win32
		{B598D4B4-A22E-40C0-828B-A293B38FB5D6}.Debug|x64.ActiveCfg = Debug|Win32
		{B598D4B4-A22E-40C0-828B-A293B38FB5D6}.Debug|x86.ActiveCfg = Debug|Win32
		{B598D4B4-A22E-40C0-828B-A293B38FB5D6}.Release|Any CPU.ActiveCfg = Release|Win32
		{B598D4B4-A22E-40C0-828B-A293B38FB5D6}.Release|Mixed Platforms.ActiveCfg = Release|Win32
		{B598D4B4-A22E-40C0-828B-A293B38FB5D6}.Release|Mixed Platforms.Build.0 = Release|Win32
		{B598D4B4-A22E-40C0-828B-A293B38FB5D6}.Release|Win32.ActiveCfg = Release|Win32
		{B598D4B4-A22E-40C0-828B-A293B38FB5D6}.Release|Win32.Build.0 = Release|Win32
		{B598D4B4-A22E-40C0-828B-A293B38FB5D6}.Release|x64.ActiveCfg = Release|Win32
		{B598D4B4-A22E-40C0-828B-A293B38FB5D6}.Release|x86.ActiveCfg = Release|Win32
		{7B76756E-BC8F-4D6C-82EF-98F26FAD855F}.Debug|Any CPU.ActiveCfg = Debug|Win32
		{7B76756E-BC8F-4D6C-82EF-98F26FAD855F}.Debug|Mixed Platforms.ActiveCfg = Debug|Win32
		{7B76756E-BC8F-4D6C-82EF-98F26FAD855F}.Debug|Mixed Platforms.Build.0 = Debug|Win32
		{7B76756E-BC8F-4D6C-82EF-98F26FAD855F}.Debug|Win32.ActiveCfg = Debug|Win32
		{7B76756E-BC8F-4D6C-82EF-98F26FAD855F}.Debug|Win32.Build.0 = Debug|Win32
		{7B76756E-BC8F-4D6C-82EF-98F26FAD855F}.Debug|x64.ActiveCfg = Debug|Win32
		{7B76756E-BC8F-4D6C-82EF-98F26FAD855F}.Debug|x86.ActiveCfg = Debug|Win32
		{7B76756E-BC8F-4D6C-82EF-98F26FAD855F}.Debug|x86.Build.0 = Debug|Win32
		{7B76756E-BC8F-4D6C-82EF-98F26FAD855F}.Release|Any CPU.ActiveCfg = Release|Win32
		{7B76756E-BC8F-4D6C-82EF-98F26FAD855F}.Release|Mixed Platforms.ActiveCfg = Release|Win32
		{7B76756E-BC8F-4D6C-82EF-98F26FAD855F}.Release|Mixed Platforms.Build.0 = Release|Win32
		{7B76756E-BC8F-4D6C-82EF-98F26FAD855F}.Release|Win32.ActiveCfg = Release|Win32
		{7B76756E-BC8F-4D6C-82EF-98F26FAD855F}.Release|Win32.Build.0 = Release|Win32
		{7B76756E-BC8F-4D6C-82EF-98F26FAD855F}.Release|x64.ActiveCfg = Release|Win32
		{7B76756E-BC8F-4D6C-82EF-98F26FAD855F}.Release|x86.ActiveCfg = Release|Win32
		{FCA5AA51-7D67-4B7B-A304-39FD8381B5C7}.Debug|Any CPU.ActiveCfg = Debug|x86
		{FCA5AA51-7D67-4B7B-A304-39FD8381B5C7}.Debug|Mixed Platforms.ActiveCfg = Debug|x86
		{FCA5AA51-7D67-4B7B-A304-39FD8381B5C7}.Debug|Mixed Platforms.Build.0 = Debug|x86
		{FCA5AA51-7D67-4B7B-A304-39FD8381B5C7}.Debug|Win32.ActiveCfg = Debug|x86
		{FCA5AA51-7D67-4B7B-A304-39FD8381B5C7}.Debug|x64.ActiveCfg = Debug|x86
		{FCA5AA51-7D67-4B7B-A304-39FD8381B5C7}.Debug|x86.ActiveCfg = Debug|x86
		{FCA5AA51-7D67-4B7B-A304-39FD8381B5C7}.Debug|x86.Build.0 = Debug|x86
		{FCA5AA51-7D67-4B7B-A304-39FD8381B5C7}.Release|Any CPU.ActiveCfg = Release|x86
		{FCA5AA51-7D67-4B7B-A304-39FD8381B5C7}.Release|Mixed Platforms.ActiveCfg = Release|x86
		{FCA5AA51-7D67-4B7B-A304-39FD8381B5C7}.Release|Mixed Platforms.Build.0 = Release|x86
		{FCA5AA51-7D67-4B7B-A304-39FD8381B5C7}.Release|Win32.ActiveCfg = Release|x86
		{FCA5AA51-7D67-4B7B-A304-39FD8381B5C7}.Release|x64.ActiveCfg = Release|x86
		{FCA5AA51-7D67-4B7B-A304-39FD8381B5C7}.Release|x86.ActiveCfg = Release|x86
		{FCA5AA51-7D67-4B7B-A304-39FD8381B5C7}.Release|x86.Build.0 = Release|x86
		{71A77DFA-C195-4882-AD94-5F73FBF0F918}.Debug|Any CPU.ActiveCfg = Debug|Any CPU
		{71A77DFA-C195-4882-AD94-5F73FBF0F918}.Debug|Any CPU.Build.0 = Debug|Any CPU
		{71A77DFA-C195-4882-AD94-5F73FBF0F918}.Debug|Mixed Platforms.ActiveCfg = Debug|Any CPU
		{71A77DFA-C195-4882-AD94-5F73FBF0F918}.Debug|Mixed Platforms.Build.0 = Debug|Any CPU
		{71A77DFA-C195-4882-AD94-5F73FBF0F918}.Debug|Win32.ActiveCfg = Debug|Any CPU
		{71A77DFA-C195-4882-AD94-5F73FBF0F918}.Debug|x64.ActiveCfg = Debug|Any CPU
		{71A77DFA-C195-4882-AD94-5F73FBF0F918}.Debug|x86.ActiveCfg = Debug|Any CPU
		{71A77DFA-C195-4882-AD94-5F73FBF0F918}.Debug|x86.Build.0 = Debug|Any CPU
		{71A77DFA-C195-4882-AD94-5F73FBF0F918}.Release|Any CPU.ActiveCfg = Release|Any CPU
		{71A77DFA-C195-4882-AD94-5F73FBF0F918}.Release|Any CPU.Build.0 = Release|Any CPU
		{71A77DFA-C195-4882-AD94-5F73FBF0F918}.Release|Mixed Platforms.ActiveCfg = Release|Any CPU
		{71A77DFA-C195-4882-AD94-5F73FBF0F918}.Release|Mixed Platforms.Build.0 = Release|Any CPU
		{71A77DFA-C195-4882-AD94-5F73FBF0F918}.Release|Win32.ActiveCfg = Release|Any CPU
		{71A77DFA-C195-4882-AD94-5F73FBF0F918}.Release|x64.ActiveCfg = Release|Any CPU
		{71A77DFA-C195-4882-AD94-5F73FBF0F918}.Release|x86.ActiveCfg = Release|Any CPU
		{800BDCE0-5B63-4B1B-927B-CDD568721938}.Debug|Any CPU.ActiveCfg = Debug|Any CPU
		{800BDCE0-5B63-4B1B-927B-CDD568721938}.Debug|Any CPU.Build.0 = Debug|Any CPU
		{800BDCE0-5B63-4B1B-927B-CDD568721938}.Debug|Mixed Platforms.ActiveCfg = Debug|Any CPU
		{800BDCE0-5B63-4B1B-927B-CDD568721938}.Debug|Mixed Platforms.Build.0 = Debug|Any CPU
		{800BDCE0-5B63-4B1B-927B-CDD568721938}.Debug|Win32.ActiveCfg = Debug|Any CPU
		{800BDCE0-5B63-4B1B-927B-CDD568721938}.Debug|x64.ActiveCfg = Debug|Any CPU
		{800BDCE0-5B63-4B1B-927B-CDD568721938}.Debug|x86.ActiveCfg = Debug|Any CPU
		{800BDCE0-5B63-4B1B-927B-CDD568721938}.Debug|x86.Build.0 = Debug|Any CPU
		{800BDCE0-5B63-4B1B-927B-CDD568721938}.Release|Any CPU.ActiveCfg = Release|Any CPU
		{800BDCE0-5B63-4B1B-927B-CDD568721938}.Release|Any CPU.Build.0 = Release|Any CPU
		{800BDCE0-5B63-4B1B-927B-CDD568721938}.Release|Mixed Platforms.ActiveCfg = Release|Any CPU
		{800BDCE0-5B63-4B1B-927B-CDD568721938}.Release|Mixed Platforms.Build.0 = Release|Any CPU
		{800BDCE0-5B63-4B1B-927B-CDD568721938}.Release|Win32.ActiveCfg = Release|Any CPU
		{800BDCE0-5B63-4B1B-927B-CDD568721938}.Release|x64.ActiveCfg = Release|Any CPU
		{800BDCE0-5B63-4B1B-927B-CDD568721938}.Release|x86.ActiveCfg = Release|Any CPU
		{5EC8333E-A9EF-4D6D-8B86-90BE82D0BA52}.Debug|Any CPU.ActiveCfg = Debug|Any CPU
		{5EC8333E-A9EF-4D6D-8B86-90BE82D0BA52}.Debug|Any CPU.Build.0 = Debug|Any CPU
		{5EC8333E-A9EF-4D6D-8B86-90BE82D0BA52}.Debug|Mixed Platforms.ActiveCfg = Debug|Any CPU
		{5EC8333E-A9EF-4D6D-8B86-90BE82D0BA52}.Debug|Mixed Platforms.Build.0 = Debug|Any CPU
		{5EC8333E-A9EF-4D6D-8B86-90BE82D0BA52}.Debug|Win32.ActiveCfg = Debug|Any CPU
		{5EC8333E-A9EF-4D6D-8B86-90BE82D0BA52}.Debug|x64.ActiveCfg = Debug|Any CPU
		{5EC8333E-A9EF-4D6D-8B86-90BE82D0BA52}.Debug|x86.ActiveCfg = Debug|Any CPU
		{5EC8333E-A9EF-4D6D-8B86-90BE82D0BA52}.Debug|x86.Build.0 = Debug|Any CPU
		{5EC8333E-A9EF-4D6D-8B86-90BE82D0BA52}.Release|Any CPU.ActiveCfg = Release|Any CPU
		{5EC8333E-A9EF-4D6D-8B86-90BE82D0BA52}.Release|Any CPU.Build.0 = Release|Any CPU
		{5EC8333E-A9EF-4D6D-8B86-90BE82D0BA52}.Release|Mixed Platforms.ActiveCfg = Release|Any CPU
		{5EC8333E-A9EF-4D6D-8B86-90BE82D0BA52}.Release|Mixed Platforms.Build.0 = Release|Any CPU
		{5EC8333E-A9EF-4D6D-8B86-90BE82D0BA52}.Release|Win32.ActiveCfg = Release|Any CPU
		{5EC8333E-A9EF-4D6D-8B86-90BE82D0BA52}.Release|x64.ActiveCfg = Release|Any CPU
		{5EC8333E-A9EF-4D6D-8B86-90BE82D0BA52}.Release|x86.ActiveCfg = Release|Any CPU
		{C40DFBAB-9D05-40AB-B0AF-7E2EF67B65BF}.Debug|Any CPU.ActiveCfg = Debug|Any CPU
		{C40DFBAB-9D05-40AB-B0AF-7E2EF67B65BF}.Debug|Any CPU.Build.0 = Debug|Any CPU
		{C40DFBAB-9D05-40AB-B0AF-7E2EF67B65BF}.Debug|Mixed Platforms.ActiveCfg = Debug|Any CPU
		{C40DFBAB-9D05-40AB-B0AF-7E2EF67B65BF}.Debug|Mixed Platforms.Build.0 = Debug|Any CPU
		{C40DFBAB-9D05-40AB-B0AF-7E2EF67B65BF}.Debug|Win32.ActiveCfg = Debug|Any CPU
		{C40DFBAB-9D05-40AB-B0AF-7E2EF67B65BF}.Debug|x64.ActiveCfg = Debug|Any CPU
		{C40DFBAB-9D05-40AB-B0AF-7E2EF67B65BF}.Debug|x86.ActiveCfg = Debug|Any CPU
		{C40DFBAB-9D05-40AB-B0AF-7E2EF67B65BF}.Debug|x86.Build.0 = Debug|Any CPU
		{C40DFBAB-9D05-40AB-B0AF-7E2EF67B65BF}.Release|Any CPU.ActiveCfg = Release|Any CPU
		{C40DFBAB-9D05-40AB-B0AF-7E2EF67B65BF}.Release|Any CPU.Build.0 = Release|Any CPU
		{C40DFBAB-9D05-40AB-B0AF-7E2EF67B65BF}.Release|Mixed Platforms.ActiveCfg = Release|Any CPU
		{C40DFBAB-9D05-40AB-B0AF-7E2EF67B65BF}.Release|Mixed Platforms.Build.0 = Release|Any CPU
		{C40DFBAB-9D05-40AB-B0AF-7E2EF67B65BF}.Release|Win32.ActiveCfg = Release|Any CPU
		{C40DFBAB-9D05-40AB-B0AF-7E2EF67B65BF}.Release|x64.ActiveCfg = Release|Any CPU
		{C40DFBAB-9D05-40AB-B0AF-7E2EF67B65BF}.Release|x86.ActiveCfg = Release|Any CPU
		{7C9E8C01-394C-43C7-8DC2-0E16FAED7AF2}.Debug|Any CPU.ActiveCfg = Debug|Any CPU
		{7C9E8C01-394C-43C7-8DC2-0E16FAED7AF2}.Debug|Any CPU.Build.0 = Debug|Any CPU
		{7C9E8C01-394C-43C7-8DC2-0E16FAED7AF2}.Debug|Mixed Platforms.ActiveCfg = Debug|Any CPU
		{7C9E8C01-394C-43C7-8DC2-0E16FAED7AF2}.Debug|Mixed Platforms.Build.0 = Debug|Any CPU
		{7C9E8C01-394C-43C7-8DC2-0E16FAED7AF2}.Debug|Win32.ActiveCfg = Debug|Any CPU
		{7C9E8C01-394C-43C7-8DC2-0E16FAED7AF2}.Debug|x64.ActiveCfg = Debug|Any CPU
		{7C9E8C01-394C-43C7-8DC2-0E16FAED7AF2}.Debug|x86.ActiveCfg = Debug|Any CPU
		{7C9E8C01-394C-43C7-8DC2-0E16FAED7AF2}.Debug|x86.Build.0 = Debug|Any CPU
		{7C9E8C01-394C-43C7-8DC2-0E16FAED7AF2}.Release|Any CPU.ActiveCfg = Release|Any CPU
		{7C9E8C01-394C-43C7-8DC2-0E16FAED7AF2}.Release|Any CPU.Build.0 = Release|Any CPU
		{7C9E8C01-394C-43C7-8DC2-0E16FAED7AF2}.Release|Mixed Platforms.ActiveCfg = Release|Any CPU
		{7C9E8C01-394C-43C7-8DC2-0E16FAED7AF2}.Release|Mixed Platforms.Build.0 = Release|Any CPU
		{7C9E8C01-394C-43C7-8DC2-0E16FAED7AF2}.Release|Win32.ActiveCfg = Release|Any CPU
		{7C9E8C01-394C-43C7-8DC2-0E16FAED7AF2}.Release|x64.ActiveCfg = Release|Any CPU
		{7C9E8C01-394C-43C7-8DC2-0E16FAED7AF2}.Release|x86.ActiveCfg = Release|Any CPU
		{5D0FF14C-459D-4801-A825-C406D5FD6051}.Debug|Any CPU.ActiveCfg = Debug|Any CPU
		{5D0FF14C-459D-4801-A825-C406D5FD6051}.Debug|Any CPU.Build.0 = Debug|Any CPU
		{5D0FF14C-459D-4801-A825-C406D5FD6051}.Debug|Mixed Platforms.ActiveCfg = Debug|Any CPU
		{5D0FF14C-459D-4801-A825-C406D5FD6051}.Debug|Mixed Platforms.Build.0 = Debug|Any CPU
		{5D0FF14C-459D-4801-A825-C406D5FD6051}.Debug|Win32.ActiveCfg = Debug|Any CPU
		{5D0FF14C-459D-4801-A825-C406D5FD6051}.Debug|x64.ActiveCfg = Debug|Any CPU
		{5D0FF14C-459D-4801-A825-C406D5FD6051}.Debug|x86.ActiveCfg = Debug|Any CPU
		{5D0FF14C-459D-4801-A825-C406D5FD6051}.Debug|x86.Build.0 = Debug|Any CPU
		{5D0FF14C-459D-4801-A825-C406D5FD6051}.Release|Any CPU.ActiveCfg = Release|Any CPU
		{5D0FF14C-459D-4801-A825-C406D5FD6051}.Release|Any CPU.Build.0 = Release|Any CPU
		{5D0FF14C-459D-4801-A825-C406D5FD6051}.Release|Mixed Platforms.ActiveCfg = Release|Any CPU
		{5D0FF14C-459D-4801-A825-C406D5FD6051}.Release|Mixed Platforms.Build.0 = Release|Any CPU
		{5D0FF14C-459D-4801-A825-C406D5FD6051}.Release|Win32.ActiveCfg = Release|Any CPU
		{5D0FF14C-459D-4801-A825-C406D5FD6051}.Release|x64.ActiveCfg = Release|Any CPU
		{5D0FF14C-459D-4801-A825-C406D5FD6051}.Release|x86.ActiveCfg = Release|Any CPU
		{EA119B85-8F12-4E84-89AB-E47D8996D016}.Debug|Any CPU.ActiveCfg = Debug|Any CPU
		{EA119B85-8F12-4E84-89AB-E47D8996D016}.Debug|Any CPU.Build.0 = Debug|Any CPU
		{EA119B85-8F12-4E84-89AB-E47D8996D016}.Debug|Mixed Platforms.ActiveCfg = Debug|Any CPU
		{EA119B85-8F12-4E84-89AB-E47D8996D016}.Debug|Mixed Platforms.Build.0 = Debug|Any CPU
		{EA119B85-8F12-4E84-89AB-E47D8996D016}.Debug|Win32.ActiveCfg = Debug|Any CPU
		{EA119B85-8F12-4E84-89AB-E47D8996D016}.Debug|x64.ActiveCfg = Debug|Any CPU
		{EA119B85-8F12-4E84-89AB-E47D8996D016}.Debug|x86.ActiveCfg = Debug|Any CPU
		{EA119B85-8F12-4E84-89AB-E47D8996D016}.Debug|x86.Build.0 = Debug|Any CPU
		{EA119B85-8F12-4E84-89AB-E47D8996D016}.Release|Any CPU.ActiveCfg = Release|Any CPU
		{EA119B85-8F12-4E84-89AB-E47D8996D016}.Release|Any CPU.Build.0 = Release|Any CPU
		{EA119B85-8F12-4E84-89AB-E47D8996D016}.Release|Mixed Platforms.ActiveCfg = Release|Any CPU
		{EA119B85-8F12-4E84-89AB-E47D8996D016}.Release|Mixed Platforms.Build.0 = Release|Any CPU
		{EA119B85-8F12-4E84-89AB-E47D8996D016}.Release|Win32.ActiveCfg = Release|Any CPU
		{EA119B85-8F12-4E84-89AB-E47D8996D016}.Release|x64.ActiveCfg = Release|Any CPU
		{EA119B85-8F12-4E84-89AB-E47D8996D016}.Release|x86.ActiveCfg = Release|Any CPU
		{17BE962C-BBD2-4AE7-987B-7D14971BE1A6}.Debug|Any CPU.ActiveCfg = Debug|Any CPU
		{17BE962C-BBD2-4AE7-987B-7D14971BE1A6}.Debug|Any CPU.Build.0 = Debug|Any CPU
		{17BE962C-BBD2-4AE7-987B-7D14971BE1A6}.Debug|Mixed Platforms.ActiveCfg = Debug|Any CPU
		{17BE962C-BBD2-4AE7-987B-7D14971BE1A6}.Debug|Mixed Platforms.Build.0 = Debug|Any CPU
		{17BE962C-BBD2-4AE7-987B-7D14971BE1A6}.Debug|Win32.ActiveCfg = Debug|Any CPU
		{17BE962C-BBD2-4AE7-987B-7D14971BE1A6}.Debug|x64.ActiveCfg = Debug|Any CPU
		{17BE962C-BBD2-4AE7-987B-7D14971BE1A6}.Debug|x86.ActiveCfg = Debug|Any CPU
		{17BE962C-BBD2-4AE7-987B-7D14971BE1A6}.Debug|x86.Build.0 = Debug|Any CPU
		{17BE962C-BBD2-4AE7-987B-7D14971BE1A6}.Release|Any CPU.ActiveCfg = Release|Any CPU
		{17BE962C-BBD2-4AE7-987B-7D14971BE1A6}.Release|Any CPU.Build.0 = Release|Any CPU
		{17BE962C-BBD2-4AE7-987B-7D14971BE1A6}.Release|Mixed Platforms.ActiveCfg = Release|Any CPU
		{17BE962C-BBD2-4AE7-987B-7D14971BE1A6}.Release|Mixed Platforms.Build.0 = Release|Any CPU
		{17BE962C-BBD2-4AE7-987B-7D14971BE1A6}.Release|Win32.ActiveCfg = Release|Any CPU
		{17BE962C-BBD2-4AE7-987B-7D14971BE1A6}.Release|x64.ActiveCfg = Release|Any CPU
		{17BE962C-BBD2-4AE7-987B-7D14971BE1A6}.Release|x86.ActiveCfg = Release|Any CPU
		{F01E1F52-EE2C-402F-ABD3-FACA897A41F6}.Debug|Any CPU.ActiveCfg = Debug|Any CPU
		{F01E1F52-EE2C-402F-ABD3-FACA897A41F6}.Debug|Any CPU.Build.0 = Debug|Any CPU
		{F01E1F52-EE2C-402F-ABD3-FACA897A41F6}.Debug|Mixed Platforms.ActiveCfg = Debug|Any CPU
		{F01E1F52-EE2C-402F-ABD3-FACA897A41F6}.Debug|Mixed Platforms.Build.0 = Debug|Any CPU
		{F01E1F52-EE2C-402F-ABD3-FACA897A41F6}.Debug|Win32.ActiveCfg = Debug|Any CPU
		{F01E1F52-EE2C-402F-ABD3-FACA897A41F6}.Debug|x64.ActiveCfg = Debug|Any CPU
		{F01E1F52-EE2C-402F-ABD3-FACA897A41F6}.Debug|x86.ActiveCfg = Debug|Any CPU
		{F01E1F52-EE2C-402F-ABD3-FACA897A41F6}.Debug|x86.Build.0 = Debug|Any CPU
		{F01E1F52-EE2C-402F-ABD3-FACA897A41F6}.Release|Any CPU.ActiveCfg = Release|Any CPU
		{F01E1F52-EE2C-402F-ABD3-FACA897A41F6}.Release|Any CPU.Build.0 = Release|Any CPU
		{F01E1F52-EE2C-402F-ABD3-FACA897A41F6}.Release|Mixed Platforms.ActiveCfg = Release|Any CPU
		{F01E1F52-EE2C-402F-ABD3-FACA897A41F6}.Release|Mixed Platforms.Build.0 = Release|Any CPU
		{F01E1F52-EE2C-402F-ABD3-FACA897A41F6}.Release|Win32.ActiveCfg = Release|Any CPU
		{F01E1F52-EE2C-402F-ABD3-FACA897A41F6}.Release|x64.ActiveCfg = Release|Any CPU
		{F01E1F52-EE2C-402F-ABD3-FACA897A41F6}.Release|x86.ActiveCfg = Release|Any CPU
		{54AEC1B4-F57E-4896-9B5E-09894414B95F}.Debug|Any CPU.ActiveCfg = Debug|Any CPU
		{54AEC1B4-F57E-4896-9B5E-09894414B95F}.Debug|Any CPU.Build.0 = Debug|Any CPU
		{54AEC1B4-F57E-4896-9B5E-09894414B95F}.Debug|Mixed Platforms.ActiveCfg = Debug|Any CPU
		{54AEC1B4-F57E-4896-9B5E-09894414B95F}.Debug|Mixed Platforms.Build.0 = Debug|Any CPU
		{54AEC1B4-F57E-4896-9B5E-09894414B95F}.Debug|Win32.ActiveCfg = Debug|Any CPU
		{54AEC1B4-F57E-4896-9B5E-09894414B95F}.Debug|x64.ActiveCfg = Debug|Any CPU
		{54AEC1B4-F57E-4896-9B5E-09894414B95F}.Debug|x86.ActiveCfg = Debug|Any CPU
		{54AEC1B4-F57E-4896-9B5E-09894414B95F}.Debug|x86.Build.0 = Debug|Any CPU
		{54AEC1B4-F57E-4896-9B5E-09894414B95F}.Release|Any CPU.ActiveCfg = Release|Any CPU
		{54AEC1B4-F57E-4896-9B5E-09894414B95F}.Release|Any CPU.Build.0 = Release|Any CPU
		{54AEC1B4-F57E-4896-9B5E-09894414B95F}.Release|Mixed Platforms.ActiveCfg = Release|Any CPU
		{54AEC1B4-F57E-4896-9B5E-09894414B95F}.Release|Mixed Platforms.Build.0 = Release|Any CPU
		{54AEC1B4-F57E-4896-9B5E-09894414B95F}.Release|Win32.ActiveCfg = Release|Any CPU
		{54AEC1B4-F57E-4896-9B5E-09894414B95F}.Release|x64.ActiveCfg = Release|Any CPU
		{54AEC1B4-F57E-4896-9B5E-09894414B95F}.Release|x86.ActiveCfg = Release|Any CPU
		{BDACE2EE-D55C-426B-84DA-8E1C6CB377BA}.Debug|Any CPU.ActiveCfg = Debug|Any CPU
		{BDACE2EE-D55C-426B-84DA-8E1C6CB377BA}.Debug|Any CPU.Build.0 = Debug|Any CPU
		{BDACE2EE-D55C-426B-84DA-8E1C6CB377BA}.Debug|Mixed Platforms.ActiveCfg = Debug|Any CPU
		{BDACE2EE-D55C-426B-84DA-8E1C6CB377BA}.Debug|Mixed Platforms.Build.0 = Debug|Any CPU
		{BDACE2EE-D55C-426B-84DA-8E1C6CB377BA}.Debug|Win32.ActiveCfg = Debug|Any CPU
		{BDACE2EE-D55C-426B-84DA-8E1C6CB377BA}.Debug|x64.ActiveCfg = Debug|Any CPU
		{BDACE2EE-D55C-426B-84DA-8E1C6CB377BA}.Debug|x86.ActiveCfg = Debug|Any CPU
		{BDACE2EE-D55C-426B-84DA-8E1C6CB377BA}.Debug|x86.Build.0 = Debug|Any CPU
		{BDACE2EE-D55C-426B-84DA-8E1C6CB377BA}.Release|Any CPU.ActiveCfg = Release|Any CPU
		{BDACE2EE-D55C-426B-84DA-8E1C6CB377BA}.Release|Any CPU.Build.0 = Release|Any CPU
		{BDACE2EE-D55C-426B-84DA-8E1C6CB377BA}.Release|Mixed Platforms.ActiveCfg = Release|Any CPU
		{BDACE2EE-D55C-426B-84DA-8E1C6CB377BA}.Release|Mixed Platforms.Build.0 = Release|Any CPU
		{BDACE2EE-D55C-426B-84DA-8E1C6CB377BA}.Release|Win32.ActiveCfg = Release|Any CPU
		{BDACE2EE-D55C-426B-84DA-8E1C6CB377BA}.Release|x64.ActiveCfg = Release|Any CPU
		{BDACE2EE-D55C-426B-84DA-8E1C6CB377BA}.Release|x86.ActiveCfg = Release|Any CPU
		{AAC31ADC-39D3-4DB0-9D6E-0F725A0B4FF0}.Debug|Any CPU.ActiveCfg = Debug|Any CPU
		{AAC31ADC-39D3-4DB0-9D6E-0F725A0B4FF0}.Debug|Any CPU.Build.0 = Debug|Any CPU
		{AAC31ADC-39D3-4DB0-9D6E-0F725A0B4FF0}.Debug|Mixed Platforms.ActiveCfg = Debug|Any CPU
		{AAC31ADC-39D3-4DB0-9D6E-0F725A0B4FF0}.Debug|Mixed Platforms.Build.0 = Debug|Any CPU
		{AAC31ADC-39D3-4DB0-9D6E-0F725A0B4FF0}.Debug|Win32.ActiveCfg = Debug|Any CPU
		{AAC31ADC-39D3-4DB0-9D6E-0F725A0B4FF0}.Debug|x64.ActiveCfg = Debug|Any CPU
		{AAC31ADC-39D3-4DB0-9D6E-0F725A0B4FF0}.Debug|x86.ActiveCfg = Debug|Any CPU
		{AAC31ADC-39D3-4DB0-9D6E-0F725A0B4FF0}.Debug|x86.Build.0 = Debug|Any CPU
		{AAC31ADC-39D3-4DB0-9D6E-0F725A0B4FF0}.Release|Any CPU.ActiveCfg = Release|Any CPU
		{AAC31ADC-39D3-4DB0-9D6E-0F725A0B4FF0}.Release|Any CPU.Build.0 = Release|Any CPU
		{AAC31ADC-39D3-4DB0-9D6E-0F725A0B4FF0}.Release|Mixed Platforms.ActiveCfg = Release|Any CPU
		{AAC31ADC-39D3-4DB0-9D6E-0F725A0B4FF0}.Release|Mixed Platforms.Build.0 = Release|Any CPU
		{AAC31ADC-39D3-4DB0-9D6E-0F725A0B4FF0}.Release|Win32.ActiveCfg = Release|Any CPU
		{AAC31ADC-39D3-4DB0-9D6E-0F725A0B4FF0}.Release|x64.ActiveCfg = Release|Any CPU
		{AAC31ADC-39D3-4DB0-9D6E-0F725A0B4FF0}.Release|x86.ActiveCfg = Release|Any CPU
		{CF438B60-3C0D-431F-9330-7658DC2953DB}.Debug|Any CPU.ActiveCfg = Debug|Any CPU
		{CF438B60-3C0D-431F-9330-7658DC2953DB}.Debug|Any CPU.Build.0 = Debug|Any CPU
		{CF438B60-3C0D-431F-9330-7658DC2953DB}.Debug|Mixed Platforms.ActiveCfg = Debug|Any CPU
		{CF438B60-3C0D-431F-9330-7658DC2953DB}.Debug|Mixed Platforms.Build.0 = Debug|Any CPU
		{CF438B60-3C0D-431F-9330-7658DC2953DB}.Debug|Win32.ActiveCfg = Debug|Any CPU
		{CF438B60-3C0D-431F-9330-7658DC2953DB}.Debug|x64.ActiveCfg = Debug|Any CPU
		{CF438B60-3C0D-431F-9330-7658DC2953DB}.Debug|x86.ActiveCfg = Debug|Any CPU
		{CF438B60-3C0D-431F-9330-7658DC2953DB}.Debug|x86.Build.0 = Debug|Any CPU
		{CF438B60-3C0D-431F-9330-7658DC2953DB}.Release|Any CPU.ActiveCfg = Release|Any CPU
		{CF438B60-3C0D-431F-9330-7658DC2953DB}.Release|Any CPU.Build.0 = Release|Any CPU
		{CF438B60-3C0D-431F-9330-7658DC2953DB}.Release|Mixed Platforms.ActiveCfg = Release|Any CPU
		{CF438B60-3C0D-431F-9330-7658DC2953DB}.Release|Mixed Platforms.Build.0 = Release|Any CPU
		{CF438B60-3C0D-431F-9330-7658DC2953DB}.Release|Win32.ActiveCfg = Release|Any CPU
		{CF438B60-3C0D-431F-9330-7658DC2953DB}.Release|x64.ActiveCfg = Release|Any CPU
		{CF438B60-3C0D-431F-9330-7658DC2953DB}.Release|x86.ActiveCfg = Release|Any CPU
		{CD8B2300-5430-4357-BE95-0FB560B58589}.Debug|Any CPU.ActiveCfg = Debug|Any CPU
		{CD8B2300-5430-4357-BE95-0FB560B58589}.Debug|Any CPU.Build.0 = Debug|Any CPU
		{CD8B2300-5430-4357-BE95-0FB560B58589}.Debug|Mixed Platforms.ActiveCfg = Debug|Any CPU
		{CD8B2300-5430-4357-BE95-0FB560B58589}.Debug|Mixed Platforms.Build.0 = Debug|Any CPU
		{CD8B2300-5430-4357-BE95-0FB560B58589}.Debug|Win32.ActiveCfg = Debug|Any CPU
		{CD8B2300-5430-4357-BE95-0FB560B58589}.Debug|x64.ActiveCfg = Debug|Any CPU
		{CD8B2300-5430-4357-BE95-0FB560B58589}.Debug|x86.ActiveCfg = Debug|Any CPU
		{CD8B2300-5430-4357-BE95-0FB560B58589}.Debug|x86.Build.0 = Debug|Any CPU
		{CD8B2300-5430-4357-BE95-0FB560B58589}.Release|Any CPU.ActiveCfg = Release|Any CPU
		{CD8B2300-5430-4357-BE95-0FB560B58589}.Release|Any CPU.Build.0 = Release|Any CPU
		{CD8B2300-5430-4357-BE95-0FB560B58589}.Release|Mixed Platforms.ActiveCfg = Release|Any CPU
		{CD8B2300-5430-4357-BE95-0FB560B58589}.Release|Mixed Platforms.Build.0 = Release|Any CPU
		{CD8B2300-5430-4357-BE95-0FB560B58589}.Release|Win32.ActiveCfg = Release|Any CPU
		{CD8B2300-5430-4357-BE95-0FB560B58589}.Release|x64.ActiveCfg = Release|Any CPU
		{CD8B2300-5430-4357-BE95-0FB560B58589}.Release|x86.ActiveCfg = Release|Any CPU
		{EEC27604-CE76-40B3-ADC8-105CB0731A58}.Debug|Any CPU.ActiveCfg = Debug|Any CPU
		{EEC27604-CE76-40B3-ADC8-105CB0731A58}.Debug|Any CPU.Build.0 = Debug|Any CPU
		{EEC27604-CE76-40B3-ADC8-105CB0731A58}.Debug|Mixed Platforms.ActiveCfg = Debug|Any CPU
		{EEC27604-CE76-40B3-ADC8-105CB0731A58}.Debug|Mixed Platforms.Build.0 = Debug|Any CPU
		{EEC27604-CE76-40B3-ADC8-105CB0731A58}.Debug|Win32.ActiveCfg = Debug|Any CPU
		{EEC27604-CE76-40B3-ADC8-105CB0731A58}.Debug|x64.ActiveCfg = Debug|Any CPU
		{EEC27604-CE76-40B3-ADC8-105CB0731A58}.Debug|x86.ActiveCfg = Debug|Any CPU
		{EEC27604-CE76-40B3-ADC8-105CB0731A58}.Debug|x86.Build.0 = Debug|Any CPU
		{EEC27604-CE76-40B3-ADC8-105CB0731A58}.Release|Any CPU.ActiveCfg = Release|Any CPU
		{EEC27604-CE76-40B3-ADC8-105CB0731A58}.Release|Any CPU.Build.0 = Release|Any CPU
		{EEC27604-CE76-40B3-ADC8-105CB0731A58}.Release|Mixed Platforms.ActiveCfg = Release|Any CPU
		{EEC27604-CE76-40B3-ADC8-105CB0731A58}.Release|Mixed Platforms.Build.0 = Release|Any CPU
		{EEC27604-CE76-40B3-ADC8-105CB0731A58}.Release|Win32.ActiveCfg = Release|Any CPU
		{EEC27604-CE76-40B3-ADC8-105CB0731A58}.Release|x64.ActiveCfg = Release|Any CPU
		{EEC27604-CE76-40B3-ADC8-105CB0731A58}.Release|x86.ActiveCfg = Release|Any CPU
	EndGlobalSection
	GlobalSection(SolutionProperties) = preSolution
		HideSolutionNode = FALSE
	EndGlobalSection
	GlobalSection(NestedProjects) = preSolution
		{FCA5AA51-7D67-4B7B-A304-39FD8381B5C7} = {B295DF00-0BF1-4C53-BD85-D6974B098681}
		{0DC80F0B-4A3B-4D4B-B237-BC6C5105452F} = {B295DF00-0BF1-4C53-BD85-D6974B098681}
		{EA119B85-8F12-4E84-89AB-E47D8996D016} = {B295DF00-0BF1-4C53-BD85-D6974B098681}
		{71A77DFA-C195-4882-AD94-5F73FBF0F918} = {0DC80F0B-4A3B-4D4B-B237-BC6C5105452F}
		{800BDCE0-5B63-4B1B-927B-CDD568721938} = {0DC80F0B-4A3B-4D4B-B237-BC6C5105452F}
		{5EC8333E-A9EF-4D6D-8B86-90BE82D0BA52} = {0DC80F0B-4A3B-4D4B-B237-BC6C5105452F}
		{C40DFBAB-9D05-40AB-B0AF-7E2EF67B65BF} = {0DC80F0B-4A3B-4D4B-B237-BC6C5105452F}
		{7C9E8C01-394C-43C7-8DC2-0E16FAED7AF2} = {0DC80F0B-4A3B-4D4B-B237-BC6C5105452F}
		{5D0FF14C-459D-4801-A825-C406D5FD6051} = {0DC80F0B-4A3B-4D4B-B237-BC6C5105452F}
		{17BE962C-BBD2-4AE7-987B-7D14971BE1A6} = {0DC80F0B-4A3B-4D4B-B237-BC6C5105452F}
		{F01E1F52-EE2C-402F-ABD3-FACA897A41F6} = {0DC80F0B-4A3B-4D4B-B237-BC6C5105452F}
		{54AEC1B4-F57E-4896-9B5E-09894414B95F} = {0DC80F0B-4A3B-4D4B-B237-BC6C5105452F}
		{BDACE2EE-D55C-426B-84DA-8E1C6CB377BA} = {0DC80F0B-4A3B-4D4B-B237-BC6C5105452F}
		{AAC31ADC-39D3-4DB0-9D6E-0F725A0B4FF0} = {0DC80F0B-4A3B-4D4B-B237-BC6C5105452F}
		{CF438B60-3C0D-431F-9330-7658DC2953DB} = {0DC80F0B-4A3B-4D4B-B237-BC6C5105452F}
		{CD8B2300-5430-4357-BE95-0FB560B58589} = {0DC80F0B-4A3B-4D4B-B237-BC6C5105452F}
		{EEC27604-CE76-40B3-ADC8-105CB0731A58} = {0DC80F0B-4A3B-4D4B-B237-BC6C5105452F}
	EndGlobalSection
	GlobalSection(NDepend) = preSolution
		Project = ".\GeoGen.ndproj"
	EndGlobalSection
EndGlobal
