<?xml version="1.0" encoding="utf-8"?>
<Project ToolsVersion="4.0" xmlns="http://schemas.microsoft.com/developer/msbuild/2003">
  <ItemGroup>
    <ClInclude Include="Generator.hpp" />
    <ClInclude Include="GeoGen.hpp" />
    <ClInclude Include="compiler\Compiler.hpp">
      <Filter>compiler</Filter>
    </ClInclude>
    <ClInclude Include="Grammar\output\GeoGenScriptLexer.h">
      <Filter>compiler\generated</Filter>
    </ClInclude>
    <ClInclude Include="Grammar\output\GeoGenScriptParser.h">
      <Filter>compiler\generated</Filter>
    </ClInclude>
    <ClInclude Include="compiler\CompilerException.hpp">
      <Filter>compiler</Filter>
    </ClInclude>
    <ClInclude Include="Grammar\output\GeoGenScriptDecls.h">
      <Filter>compiler\generated</Filter>
    </ClInclude>
    <ClInclude Include="Number.hpp" />
    <ClInclude Include="Serializable.hpp" />
    <ClInclude Include="ErrorCode.hpp" />
    <ClInclude Include="GeoGenException.hpp" />
    <ClInclude Include="compiler\SymbolRedefinitionException.hpp" />
    <ClInclude Include="compiler\AntlrRaiiWrappers.hpp" />
    <ClInclude Include="CodeLocation.hpp" />
    <ClInclude Include="compiler\UnexpectedTokenException.hpp" />
    <ClInclude Include="InternalErrorException.hpp" />
    <ClInclude Include="runtime\ScriptVariableDefinition.hpp" />
    <ClInclude Include="runtime\ScriptFunctionDefinition.hpp" />
    <ClInclude Include="runtime\FunctionDefinition.hpp" />
    <ClInclude Include="runtime\CodeBlock.hpp" />
    <ClInclude Include="runtime\TypeDefinition.hpp" />
    <ClInclude Include="runtime\VariableDefinition.hpp" />
    <ClInclude Include="runtime\instructions\BreakInstruction.hpp" />
    <ClInclude Include="runtime\instructions\CallGlobalInstruction.hpp" />
    <ClInclude Include="runtime\instructions\CallMemberInstruction.hpp" />
    <ClInclude Include="runtime\instructions\ContinueInstruction.hpp" />
    <ClInclude Include="runtime\instructions\IfInstruction.hpp" />
    <ClInclude Include="runtime\instructions\LoadConstBooleanInstruction.hpp" />
    <ClInclude Include="runtime\instructions\LoadConstNumberInstruction.hpp" />
    <ClInclude Include="runtime\instructions\LoadConstStringInstruction.hpp" />
    <ClInclude Include="runtime\instructions\PopInstruction.hpp" />
    <ClInclude Include="runtime\instructions\StoreMemberValueInstruction.hpp" />
    <ClInclude Include="runtime\instructions\WhileInstruction.hpp" />
    <ClInclude Include="runtime\instructions\YieldAsMainInstruction.hpp" />
    <ClInclude Include="runtime\instructions\YieldAsNamedInstruction.hpp" />
    <ClInclude Include="runtime\instructions\LoadMemberValueInstruction.hpp" />
    <ClInclude Include="runtime\instructions\LoadNullInstruction.hpp" />
    <ClInclude Include="runtime\instructions\Instruction.hpp" />
    <ClInclude Include="runtime\SymbolDefinitionTable.hpp" />
    <ClInclude Include="runtime\VirtualMachine.hpp" />
    <ClInclude Include="runtime\CompiledScript.hpp" />
    <ClInclude Include="runtime\MetadataBoolean.hpp" />
    <ClInclude Include="runtime\MetadataIdentifier.hpp" />
    <ClInclude Include="runtime\MetadataKeyValueCollection.hpp" />
    <ClInclude Include="runtime\MetadataNumber.hpp" />
    <ClInclude Include="runtime\MetadataString.hpp" />
    <ClInclude Include="runtime\MetadataValue.hpp" />
    <ClInclude Include="runtime\ReferenceTypeDefinition.hpp" />
    <ClInclude Include="runtime\ObjectTypeDefinition.hpp" />
    <ClInclude Include="runtime\NativeObject.hpp" />
    <ClInclude Include="runtime\PrimitiveObject.hpp" />
    <ClInclude Include="genlib\HeightMap.hpp" />
    <ClInclude Include="runtime\instructions\LoadScopeValueInstruction.hpp" />
    <ClInclude Include="runtime\instructions\StoreScopeValueInstruction.hpp" />
    <ClInclude Include="runtime\RuntimeException.hpp" />
    <ClInclude Include="runtime\UndefinedSymbolAccessException.hpp" />
    <ClInclude Include="runtime\ReadOnlyWriteException.hpp" />
    <ClInclude Include="compiler\InvalidSymbolDefinitionException.hpp" />
    <ClInclude Include="runtime\StaticObject.hpp" />
    <ClInclude Include="runtime\CallStackEntry.hpp" />
    <ClInclude Include="runtime\CodeBlockStackEntry.hpp" />
    <ClInclude Include="runtime\IntermediateCodeException.hpp" />
    <ClInclude Include="runtime\MemoryManager.hpp" />
    <ClInclude Include="ApiUsageException.hpp" />
    <ClInclude Include="runtime\Library.hpp" />
    <ClInclude Include="runtime\VariableTable.hpp" />
    <ClInclude Include="runtime\IncorrectTypeException.hpp" />
    <ClInclude Include="runtime\VirtualMachineStatusGuard.hpp" />
    <ClInclude Include="runtime\instructions\DeclareGlobalValueInstruction.hpp" />
    <ClInclude Include="runtime\instructions\DeclareLocalValueInstruction.hpp" />
    <ClInclude Include="runtime\SymbolDefinitionException.hpp" />
    <ClInclude Include="runtime\VariableRedefinitionException.hpp" />
    <ClInclude Include="runtime\CodeBlockStack.hpp" />
    <ClInclude Include="runtime\CallStack.hpp" />
    <ClInclude Include="runtime\NullReferenceException.hpp" />
    <ClInclude Include="runtime\ObjectStack.hpp" />
    <ClInclude Include="corelib\BinaryArithmeticOperatorFunctionDefinition.hpp" />
    <ClInclude Include="runtime\NumberOfArgumentsException.hpp" />
    <ClInclude Include="corelib\AssignmentOperatorFunctionDefinition.hpp" />
    <ClInclude Include="corelib\RelationalOperatorFunctionDefinition.hpp" />
    <ClInclude Include="corelib\EqualityOperatorFunctionDefinition.hpp" />
    <ClInclude Include="corelib\BitLogicOperatorFunctionDefinition.hpp" />
    <ClInclude Include="corelib\LogicalOperatorFunctionDefinition.hpp" />
    <ClInclude Include="corelib\NegationOperatorFunctionDefinition.hpp" />
    <ClInclude Include="corelib\UnaryArithmeticOperatorFunctionDefinition.hpp" />
    <ClInclude Include="corelib\CoreLibrary.hpp" />
    <ClInclude Include="testlib\TestLibrary.hpp" />
    <ClInclude Include="testlib\AssertEqualsFunctionDefinition.hpp" />
    <ClInclude Include="testlib\AssertionFailedException.hpp" />
    <ClInclude Include="runtime\instructions\StoreGlobalValueInstruction.hpp" />
    <ClInclude Include="runtime\instructions\CallBlockInstruction.hpp" />
    <ClInclude Include="runtime\StackOverflowException.hpp" />
    <ClInclude Include="runtime\ScriptParameter.hpp" />
    <ClInclude Include="runtime\BooleanScriptParameter.hpp" />
    <ClInclude Include="runtime\NumberScriptParameter.hpp" />
    <ClInclude Include="runtime\ScriptParameters.hpp" />
    <ClInclude Include="utils\OwningMap.hpp" />
    <ClInclude Include="compiler\MetadataKeyRedefinitionException.hpp" />
    <ClInclude Include="compiler\ScriptParameterTypeNotSpecifiedException.hpp" />
    <ClInclude Include="compiler\IncorrectScriptParameterTypeException.hpp" />
    <ClInclude Include="compiler\IncorrectScriptParameterAttributeTypeException.hpp" />
    <ClInclude Include="runtime\ObjectId.hpp" />
    <ClInclude Include="runtime\ManagedObject.hpp" />
    <ClInclude Include="utils\StringUtils.hpp" />
    <ClInclude Include="runtime\VariableTableItem.hpp" />
    <ClInclude Include="corelib\ArrayTypeDefinition.hpp" />
    <ClInclude Include="corelib\ArrayObject.hpp" />
    <ClInclude Include="corelib\InvalidOperationOnEmptyArrayException.hpp" />
    <ClInclude Include="corelib\ArrayKeyNotFoundException.hpp" />
    <ClInclude Include="corelib\ArrayCountFunctionDefinition.hpp" />
    <ClInclude Include="corelib\ArrayEmptyFunctionDefinition.hpp" />
    <ClInclude Include="runtime\MemberNativeFunctionDefinition.hpp" />
    <ClInclude Include="runtime\GlobalNativeFunctionDefinition.hpp" />
    <ClInclude Include="corelib\ArrayPushBackFunctionDefinition.hpp" />
    <ClInclude Include="corelib\ArrayFrontBackFunctionDefinition.hpp" />
    <ClInclude Include="corelib\IndexerWriteFunctionDefinition.hpp" />
    <ClInclude Include="corelib\ArrayGetFunctionDefinition.hpp" />
    <ClInclude Include="corelib\ArraySetFunctionDefinition.hpp" />
    <ClInclude Include="corelib\ArrayContainsFunctionDefinition.hpp" />
    <ClInclude Include="corelib\BooleanTypeDefinition.hpp" />
    <ClInclude Include="corelib\EnumTypeDefinition.hpp" />
    <ClInclude Include="corelib\NumberTypeDefinition.hpp" />
    <ClInclude Include="corelib\NullTypeDefinition.hpp" />
    <ClInclude Include="corelib\ParametersTypeDefinition.hpp" />
    <ClInclude Include="corelib\StringTypeDefinition.hpp" />
    <ClInclude Include="corelib\ArrayRemoveFunctionDefinition.hpp" />
    <ClInclude Include="corelib\MathMinMaxFunctionDefinition.hpp" />
    <ClInclude Include="corelib\MathTrigonometricFunctionDefinition.hpp" />
    <ClInclude Include="corelib\MathDefinitionRangeException.hpp" />
    <ClInclude Include="corelib\DivisionByZeroException.hpp" />
    <ClInclude Include="corelib\MathAtan2FunctionDefinition.hpp" />
    <ClInclude Include="corelib\MathLogPowFunctionDefinition.hpp" />
    <ClInclude Include="corelib\MathSqrtFunctionDefinition.hpp" />
    <ClInclude Include="corelib\MathRoundFunctionDefinition.hpp" />
    <ClInclude Include="runtime\UserErrorException.hpp" />
    <ClInclude Include="corelib\MessageFunctionDefinition.hpp" />
    <ClInclude Include="compiler\MetadataKeyValueCollectionExpectedException.hpp" />
    <ClInclude Include="compiler\IncorrectScriptParameterValueRestrictionException.hpp" />
    <ClInclude Include="compiler\UndefinedMetadataIdentifierException.hpp" />
    <ClInclude Include="compiler\IncorrectMapSizeNumericValueException.hpp" />
    <ClInclude Include="compiler\MinGreaterThanMaxSizeException.hpp" />
    <ClInclude Include="compiler\IncorrectMetadataValueTypeException.hpp" />
    <ClInclude Include="Dimension.hpp" />
    <ClInclude Include="renderer\RenderingSequence.hpp" />
    <ClInclude Include="renderer\Renderer.hpp" />
    <ClInclude Include="Point.hpp" />
    <ClInclude Include="renderer\RendererObject.hpp" />
    <ClInclude Include="renderer\RenderingStep.hpp" />
    <ClInclude Include="renderer\RendererObjectSlotTable.hpp" />
    <ClInclude Include="compiler\UnexpectedCharacterException.hpp" />
    <ClInclude Include="compiler\InvalidEscapeSequenceException.hpp" />
    <ClInclude Include="runtime\EnumScriptParameter.hpp" />
    <ClInclude Include="compiler\IncorrectEnumScriptParameterTypeException.hpp" />
    <ClInclude Include="String.hpp" />
    <ClInclude Include="corelib\StringFormatException.hpp" />
    <ClInclude Include="runtime\MetadataList.hpp" />
    <ClInclude Include="compiler\ReservedScriptParameterNameException.hpp" />
    <ClInclude Include="renderer\RendererObjectTable.hpp" />
    <ClInclude Include="genlib\HeightProfile.hpp" />
    <ClInclude Include="Size.hpp" />
    <ClInclude Include="renderer\RenderingStep1D.hpp" />
    <ClInclude Include="renderer\RenderingStep2D.hpp" />
    <ClInclude Include="genlib\DataObject.hpp" />
    <ClInclude Include="runtime\RendererObjectStub.hpp" />
    <ClInclude Include="corelib\HeightProfileTypeDefinition.hpp" />
    <ClInclude Include="corelib\RendererTypeDefinition.hpp" />
    <ClInclude Include="corelib\HeightProfileFlatFunctionDefinition.hpp" />
    <ClInclude Include="corelib\HeightProfileFlatRenderingStep.hpp" />
    <ClInclude Include="Rectangle.hpp" />
    <ClInclude Include="renderer\RenderingBounds.hpp" />
    <ClInclude Include="renderer\RenderingBounds1D.hpp" />
    <ClInclude Include="renderer\RenderingBounds2D.hpp" />
    <ClInclude Include="Interval.hpp" />
    <ClInclude Include="renderer\RenderingSequenceMetadata.hpp" />
    <ClInclude Include="corelib\HeightOverflowException.hpp" />
    <ClInclude Include="corelib\EnumFromNumberFunctionDefinition.hpp" />
    <ClInclude Include="corelib\InvalidEnumValueException.hpp" />
    <ClInclude Include="corelib\NumberFromEnumFunctionDefinition.hpp" />
    <ClInclude Include="runtime\NumberOverflowException.hpp" />
    <ClInclude Include="runtime\NumberUnderflowException.hpp" />
    <ClInclude Include="corelib\CoordinateTypeDefinition.hpp" />
    <ClInclude Include="corelib\CoordinateFromNumberFunctionDefinition.hpp" />
    <ClInclude Include="corelib\NumberFromCoordinateFunctionDefinition.hpp" />
    <ClInclude Include="corelib\RelativeCoordinateOperatorFunctionDefinition.hpp" />
    <ClInclude Include="corelib\CoordinateObject.hpp" />
    <ClInclude Include="Orientation.hpp" />
    <ClInclude Include="corelib\CoordinateOverflowException.hpp" />
    <ClInclude Include="corelib\OrientationTypeDefinition.hpp" />
    <ClInclude Include="corelib\RelativeCoordinateInInfiniteDimensionException.hpp" />
    <ClInclude Include="corelib\UnknownRelativeCoordinateOrientationException.hpp" />
    <ClInclude Include="corelib\PointObject.hpp" />
    <ClInclude Include="corelib\PointTypeDefinition.hpp" />
    <ClInclude Include="corelib\PointCreateFunctionDefinition.hpp" />
  </ItemGroup>
  <ItemGroup>
    <ClCompile Include="Generator.cpp" />
    <ClCompile Include="compiler\Compiler.cpp">
      <Filter>compiler</Filter>
    </ClCompile>
    <ClCompile Include="Grammar\output\GeoGenScriptLexer.c">
      <Filter>compiler\generated</Filter>
    </ClCompile>
    <ClCompile Include="Grammar\output\GeoGenScriptParser.c">
      <Filter>compiler\generated</Filter>
    </ClCompile>
    <ClCompile Include="Grammar\output\GeoGenScriptDecls.c">
      <Filter>compiler\generated</Filter>
    </ClCompile>
    <ClCompile Include="Number.cpp" />
    <ClCompile Include="Serializable.cpp" />
    <ClCompile Include="runtime\CodeBlock.cpp" />
    <ClCompile Include="runtime\instructions\IfInstruction.cpp" />
    <ClCompile Include="runtime\instructions\WhileInstruction.cpp" />
    <ClCompile Include="runtime\ReferenceTypeDefinition.cpp" />
    <ClCompile Include="runtime\CompiledScript.cpp" />
    <ClCompile Include="runtime\TypeDefinition.cpp" />
    <ClCompile Include="runtime\CallStackEntry.cpp" />
    <ClCompile Include="runtime\CodeBlockStackEntry.cpp" />
    <ClCompile Include="runtime\VirtualMachine.cpp" />
    <ClCompile Include="runtime\MemoryManager.cpp" />
    <ClCompile Include="runtime\VariableTable.cpp" />
    <ClCompile Include="runtime\VariableDefinition.cpp" />
    <ClCompile Include="runtime\ScriptFunctionDefinition.cpp" />
    <ClCompile Include="runtime\instructions\BreakInstruction.cpp" />
    <ClCompile Include="runtime\instructions\ContinueInstruction.cpp" />
    <ClCompile Include="runtime\instructions\LoadConstBooleanInstruction.cpp" />
    <ClCompile Include="runtime\instructions\CallGlobalInstruction.cpp" />
    <ClCompile Include="runtime\instructions\CallMemberInstruction.cpp" />
    <ClCompile Include="runtime\instructions\DeclareGlobalValueInstruction.cpp" />
    <ClCompile Include="runtime\instructions\DeclareLocalValueInstruction.cpp" />
    <ClCompile Include="runtime\CodeBlockStack.cpp" />
    <ClCompile Include="runtime\CallStack.cpp" />
    <ClCompile Include="runtime\instructions\LoadConstNumberInstruction.cpp" />
    <ClCompile Include="runtime\instructions\LoadConstStringInstruction.cpp" />
    <ClCompile Include="runtime\instructions\LoadMemberValueInstruction.cpp" />
    <ClCompile Include="runtime\instructions\StoreMemberValueInstruction.cpp" />
    <ClCompile Include="runtime\instructions\LoadNullInstruction.cpp" />
    <ClCompile Include="runtime\instructions\PopInstruction.cpp" />
    <ClCompile Include="runtime\instructions\YieldAsMainInstruction.cpp" />
    <ClCompile Include="runtime\instructions\YieldAsNamedInstruction.cpp" />
    <ClCompile Include="runtime\instructions\LoadScopeValueInstruction.cpp" />
    <ClCompile Include="runtime\instructions\StoreScopeValueInstruction.cpp" />
    <ClCompile Include="runtime\ObjectStack.cpp" />
    <ClCompile Include="corelib\BinaryArithmeticOperatorFunctionDefinition.cpp" />
    <ClCompile Include="corelib\AssignmentOperatorFunctionDefinition.cpp" />
    <ClCompile Include="corelib\RelationalOperatorFunctionDefinition.cpp" />
    <ClCompile Include="corelib\EqualityOperatorFunctionDefinition.cpp" />
    <ClCompile Include="corelib\BitLogicOperatorFunctionDefinition.cpp" />
    <ClCompile Include="corelib\LogicalOperatorFunctionDefinition.cpp" />
    <ClCompile Include="corelib\NegationOperatorFunctionDefinition.cpp" />
    <ClCompile Include="corelib\UnaryArithmeticOperatorFunctionDefinition.cpp" />
    <ClCompile Include="corelib\CoreLibrary.cpp" />
    <ClCompile Include="testlib\TestLibrary.cpp" />
    <ClCompile Include="runtime\instructions\StoreGlobalValueInstruction.cpp" />
    <ClCompile Include="runtime\instructions\CallBlockInstruction.cpp" />
    <ClCompile Include="testlib\AssertEqualsFunctionDefinition.cpp" />
    <ClCompile Include="runtime\MetadataKeyValueCollection.cpp" />
    <ClCompile Include="runtime\ScriptParameters.cpp" />
    <ClCompile Include="runtime\MetadataValue.cpp" />
    <ClCompile Include="runtime\BooleanScriptParameter.cpp" />
    <ClCompile Include="runtime\NumberScriptParameter.cpp" />
    <ClCompile Include="runtime\ObjectId.cpp" />
    <ClCompile Include="runtime\ManagedObject.cpp" />
    <ClCompile Include="utils\StringUtils.cpp" />
    <ClCompile Include="runtime\VariableTableItem.cpp" />
    <ClCompile Include="corelib\ArrayObject.cpp" />
    <ClCompile Include="corelib\ArrayTypeDefinition.cpp" />
    <ClCompile Include="corelib\ArrayCountFunctionDefinition.cpp" />
    <ClCompile Include="runtime\FunctionDefinition.cpp" />
    <ClCompile Include="corelib\ArrayEmptyFunctionDefinition.cpp" />
    <ClCompile Include="runtime\MemberNativeFunctionDefinition.cpp" />
    <ClCompile Include="runtime\GlobalNativeFunctionDefinition.cpp" />
    <ClCompile Include="corelib\ArrayPushBackFunctionDefinition.cpp" />
    <ClCompile Include="corelib\ArrayFrontBackFunctionDefinition.cpp" />
    <ClCompile Include="corelib\IndexerWriteFunctionDefinition.cpp" />
    <ClCompile Include="corelib\ArraySetFunctionDefinition.cpp" />
    <ClCompile Include="corelib\ArrayGetFunctionDefinition.cpp" />
    <ClCompile Include="corelib\ArrayContainsFunctionDefinition.cpp" />
    <ClCompile Include="corelib\BooleanTypeDefinition.cpp" />
    <ClCompile Include="corelib\EnumTypeDefinition.cpp" />
    <ClCompile Include="corelib\NumberTypeDefinition.cpp" />
    <ClCompile Include="corelib\ParametersTypeDefinition.cpp" />
    <ClCompile Include="corelib\StringTypeDefinition.cpp" />
    <ClCompile Include="corelib\ArrayRemoveFunctionDefinition.cpp" />
    <ClCompile Include="corelib\MathMinMaxFunctionDefinition.cpp" />
    <ClCompile Include="corelib\MathTrigonometricFunctionDefinition.cpp" />
    <ClCompile Include="corelib\MathAtan2FunctionDefinition.cpp" />
    <ClCompile Include="corelib\MathLogPowFunctionDefinition.cpp" />
    <ClCompile Include="corelib\MathSqrtFunctionDefinition.cpp" />
    <ClCompile Include="corelib\MathRoundFunctionDefinition.cpp" />
    <ClCompile Include="corelib\MessageFunctionDefinition.cpp" />
    <ClCompile Include="Dimension.cpp" />
    <ClCompile Include="runtime\EnumScriptParameter.cpp" />
    <ClCompile Include="String.cpp" />
    <ClCompile Include="renderer\RendererObjectSlotTable.cpp" />
    <ClCompile Include="renderer\RendererObjectTable.cpp" />
    <ClCompile Include="renderer\Renderer.cpp" />
    <ClCompile Include="renderer\RenderingSequence.cpp" />
    <ClCompile Include="genlib\HeightProfile.cpp" />
    <ClCompile Include="renderer\RenderObject.cpp" />
    <ClCompile Include="renderer\RenderingStep1D.cpp" />
    <ClCompile Include="renderer\RenderingStep.cpp" />
    <ClCompile Include="corelib\RendererTypeDefinition.cpp" />
    <ClCompile Include="corelib\HeightProfileFlatFunctionDefinition.cpp" />
    <ClCompile Include="corelib\HeightProfileFlatRenderingStep.cpp" />
    <ClCompile Include="Rectangle.cpp" />
    <ClCompile Include="Interval.cpp" />
    <ClCompile Include="renderer\RenderingSequenceMetadata.cpp" />
    <ClCompile Include="corelib\EnumFromNumberFunctionDefinition.cpp" />
    <ClCompile Include="corelib\NumberFromEnumFunctionDefinition.cpp" />
    <ClCompile Include="corelib\CoordinateTypeDefinition.cpp" />
    <ClCompile Include="corelib\CoordinateFromNumberFunctionDefinition.cpp" />
    <ClCompile Include="corelib\NumberFromCoordinateFunctionDefinition.cpp" />
    <ClCompile Include="corelib\RelativeCoordinateOperatorFunctionDefinition.cpp" />
    <ClCompile Include="Orientation.cpp" />
    <ClCompile Include="corelib\CoordinateObject.cpp" />
    <ClCompile Include="corelib\OrientationTypeDefinition.cpp" />
    <ClCompile Include="corelib\PointObject.cpp" />
    <ClCompile Include="corelib\PointTypeDefinition.cpp" />
    <ClCompile Include="corelib\PointCreateFunctionDefinition.cpp" />
  </ItemGroup>
  <ItemGroup>
    <Filter Include="compiler">
      <UniqueIdentifier>{786e5e2c-7578-468c-ac45-9d3558127d7d}</UniqueIdentifier>
    </Filter>
    <Filter Include="compiler\generated">
      <UniqueIdentifier>{d249db30-c68f-4dd3-a55e-25e880165336}</UniqueIdentifier>
    </Filter>
    <Filter Include="compiler\instructions">
      <UniqueIdentifier>{b5b1082c-9f1c-4370-8a83-bace52e25cc9}</UniqueIdentifier>
    </Filter>
  </ItemGroup>
  <ItemGroup>
    <None Include="Grammar\GeoGenScript.g" />
    <None Include="Grammar\test.ggs" />
    <None Include="Grammar\output\GeoGenScript.tokens">
      <Filter>compiler\generated</Filter>
    </None>
    <None Include="Grammar\GeoGenScriptDecls.g" />
    <None Include="Grammar\output\GeoGenScriptDecls.tokens">
      <Filter>compiler\generated</Filter>
    </None>
  </ItemGroup>
</Project>