<?xml version="1.0" encoding="utf-8"?>
<Project ToolsVersion="4.0" xmlns="http://schemas.microsoft.com/developer/msbuild/2003">
  <ItemGroup>
    <ClInclude Include="Generator.hpp" />
    <ClInclude Include="GeoGen.hpp" />
    <ClInclude Include="compiler\Compiler.hpp">
      <Filter>compiler</Filter>
    </ClInclude>
    <ClInclude Include="Grammar\output\GeoGenScriptLexer.h">
      <Filter>compiler\generated</Filter>
    </ClInclude>
    <ClInclude Include="Grammar\output\GeoGenScriptParser.h">
      <Filter>compiler\generated</Filter>
    </ClInclude>
    <ClInclude Include="compiler\CompilerException.hpp">
      <Filter>compiler</Filter>
    </ClInclude>
    <ClInclude Include="Grammar\output\GeoGenScriptDecls.h">
      <Filter>compiler\generated</Filter>
    </ClInclude>
    <ClInclude Include="runtime\DynamicObject.hpp" />
    <ClInclude Include="Number.hpp" />
    <ClInclude Include="Serializable.hpp" />
    <ClInclude Include="ErrorCode.hpp" />
    <ClInclude Include="GeoGenException.hpp" />
    <ClInclude Include="compiler\SymbolRedefinitionException.hpp" />
    <ClInclude Include="compiler\AntlrRaiiWrappers.hpp" />
    <ClInclude Include="CodeLocation.hpp" />
    <ClInclude Include="compiler\UnexpectedTokenException.hpp" />
    <ClInclude Include="InternalErrorException.hpp" />
    <ClInclude Include="runtime\SymbolNameTable.hpp" />
    <ClInclude Include="runtime\ScriptVariableDefinition.hpp" />
    <ClInclude Include="runtime\ScriptFunctionDefinition.hpp" />
    <ClInclude Include="runtime\FunctionDefinition.hpp" />
    <ClInclude Include="runtime\CodeBlock.hpp" />
    <ClInclude Include="runtime\TypeDefinition.hpp" />
    <ClInclude Include="runtime\VariableDefinition.hpp" />
    <ClInclude Include="runtime\instructions\BreakInstruction.hpp" />
    <ClInclude Include="runtime\instructions\CallGlobalInstruction.hpp" />
    <ClInclude Include="runtime\instructions\CallMemberInstruction.hpp" />
    <ClInclude Include="runtime\instructions\ContinueInstruction.hpp" />
    <ClInclude Include="runtime\instructions\IfInstruction.hpp" />
    <ClInclude Include="runtime\instructions\LoadConstBooleanInstruction.hpp" />
    <ClInclude Include="runtime\instructions\LoadConstNumberInstruction.hpp" />
    <ClInclude Include="runtime\instructions\LoadConstStringInstruction.hpp" />
    <ClInclude Include="runtime\instructions\PopInstruction.hpp" />
    <ClInclude Include="runtime\instructions\StoreMemberValueInstruction.hpp" />
    <ClInclude Include="runtime\instructions\WhileInstruction.hpp" />
    <ClInclude Include="runtime\instructions\YieldAsMainInstruction.hpp" />
    <ClInclude Include="runtime\instructions\YieldAsNamedInstruction.hpp" />
    <ClInclude Include="runtime\instructions\LoadMemberValueInstruction.hpp" />
    <ClInclude Include="runtime\instructions\LoadNullInstruction.hpp" />
    <ClInclude Include="runtime\instructions\Instruction.hpp" />
    <ClInclude Include="runtime\SymbolDefinitionTable.hpp" />
    <ClInclude Include="runtime\VirtualMachine.hpp" />
    <ClInclude Include="runtime\CompiledScript.hpp" />
    <ClInclude Include="runtime\MetadataBoolean.hpp" />
    <ClInclude Include="runtime\MetadataIdentifier.hpp" />
    <ClInclude Include="runtime\MetadataKeyValueCollection.hpp" />
    <ClInclude Include="runtime\MetadataNumber.hpp" />
    <ClInclude Include="runtime\MetadataSimpleCollection.hpp" />
    <ClInclude Include="runtime\MetadataString.hpp" />
    <ClInclude Include="runtime\MetadataValue.hpp" />
    <ClInclude Include="runtime\ReferenceTypeDefinition.hpp" />
    <ClInclude Include="runtime\ObjectTypeDefinition.hpp" />
    <ClInclude Include="runtime\NativeObject.hpp" />
    <ClInclude Include="runtime\PrimitiveObject.hpp" />
    <ClInclude Include="genlib\HeightMap.hpp" />
    <ClInclude Include="runtime\instructions\LoadScopeValueInstruction.hpp" />
    <ClInclude Include="runtime\instructions\StoreScopeValueInstruction.hpp" />
    <ClInclude Include="runtime\EnumTypeDefinition.hpp" />
    <ClInclude Include="runtime\EnumObject.hpp" />
    <ClInclude Include="runtime\RuntimeException.hpp" />
    <ClInclude Include="runtime\UndefinedSymbolAccessException.hpp" />
    <ClInclude Include="runtime\ReadOnlyWriteException.hpp" />
    <ClInclude Include="compiler\InvalidSymbolDefinitionException.hpp" />
    <ClInclude Include="runtime\StaticObject.hpp" />
    <ClInclude Include="runtime\CallStackEntry.hpp" />
    <ClInclude Include="runtime\CodeBlockStackEntry.hpp" />
    <ClInclude Include="runtime\IntermediateCodeException.hpp" />
    <ClInclude Include="runtime\NumberTypeDefinition.hpp" />
    <ClInclude Include="runtime\MemoryManager.hpp" />
    <ClInclude Include="ApiUsageException.hpp" />
    <ClInclude Include="runtime\Library.hpp" />
    <ClInclude Include="runtime\NullTypeDefinition.hpp" />
    <ClInclude Include="runtime\VariableTable.hpp" />
    <ClInclude Include="runtime\IncorrectTypeException.hpp" />
    <ClInclude Include="runtime\BooleanTypeDefinition.hpp" />
    <ClInclude Include="runtime\CoreLibrary.hpp" />
    <ClInclude Include="runtime\VirtualMachineStatusGuard.hpp" />
    <ClInclude Include="runtime\instructions\DeclareGlobalValueInstruction.hpp" />
    <ClInclude Include="runtime\instructions\DeclareLocalValueInstruction.hpp" />
    <ClInclude Include="runtime\SymbolDefinitionException.hpp" />
    <ClInclude Include="runtime\VariableRedefinitionException.hpp" />
    <ClInclude Include="runtime\CodeBlockStack.hpp" />
    <ClInclude Include="runtime\CallStack.hpp" />
    <ClInclude Include="runtime\NullReferenceException.hpp" />
    <ClInclude Include="runtime\ObjectStack.hpp" />
    <ClInclude Include="runtime\NativeFunctionDefinition.hpp" />
    <ClInclude Include="corelib\BinaryArithmeticOperatorFunctionDefinition.hpp" />
    <ClInclude Include="runtime\NumberOfArgumentsException.hpp" />
    <ClInclude Include="runtime\DivisionByZeroException.hpp" />
    <ClInclude Include="corelib\AssignmentOperatorFunctionDefinition.hpp" />
    <ClInclude Include="corelib\RelationalOperatorFunctionDefinition.hpp" />
  </ItemGroup>
  <ItemGroup>
    <ClCompile Include="Generator.cpp" />
    <ClCompile Include="compiler\Compiler.cpp">
      <Filter>compiler</Filter>
    </ClCompile>
    <ClCompile Include="Grammar\output\GeoGenScriptLexer.c">
      <Filter>compiler\generated</Filter>
    </ClCompile>
    <ClCompile Include="Grammar\output\GeoGenScriptParser.c">
      <Filter>compiler\generated</Filter>
    </ClCompile>
    <ClCompile Include="Grammar\output\GeoGenScriptDecls.c">
      <Filter>compiler\generated</Filter>
    </ClCompile>
    <ClCompile Include="Number.cpp" />
    <ClCompile Include="Serializable.cpp" />
    <ClCompile Include="runtime\SymbolNameTable.cpp" />
    <ClCompile Include="runtime\CodeBlock.cpp" />
    <ClCompile Include="runtime\instructions\IfInstruction.cpp" />
    <ClCompile Include="runtime\instructions\WhileInstruction.cpp" />
    <ClCompile Include="runtime\DynamicObject.cpp" />
    <ClCompile Include="runtime\ReferenceTypeDefinition.cpp" />
    <ClCompile Include="runtime\NumberTypeDefinition.cpp" />
    <ClCompile Include="runtime\CompiledScript.cpp" />
    <ClCompile Include="runtime\EnumObject.cpp" />
    <ClCompile Include="runtime\EnumTypeDefinition.cpp" />
    <ClCompile Include="runtime\TypeDefinition.cpp" />
    <ClCompile Include="runtime\CallStackEntry.cpp" />
    <ClCompile Include="runtime\CodeBlockStackEntry.cpp" />
    <ClCompile Include="runtime\VirtualMachine.cpp" />
    <ClCompile Include="runtime\MemoryManager.cpp" />
    <ClCompile Include="runtime\VariableTable.cpp" />
    <ClCompile Include="runtime\VariableDefinition.cpp" />
    <ClCompile Include="runtime\ScriptFunctionDefinition.cpp" />
    <ClCompile Include="runtime\instructions\BreakInstruction.cpp" />
    <ClCompile Include="runtime\instructions\ContinueInstruction.cpp" />
    <ClCompile Include="runtime\BooleanTypeDefinition.cpp" />
    <ClCompile Include="runtime\CoreLibrary.cpp" />
    <ClCompile Include="runtime\instructions\LoadConstBooleanInstruction.cpp" />
    <ClCompile Include="runtime\instructions\CallGlobalInstruction.cpp" />
    <ClCompile Include="runtime\instructions\CallMemberInstruction.cpp" />
    <ClCompile Include="runtime\instructions\DeclareGlobalValueInstruction.cpp" />
    <ClCompile Include="runtime\instructions\DeclareLocalValueInstruction.cpp" />
    <ClCompile Include="runtime\CodeBlockStack.cpp" />
    <ClCompile Include="runtime\CallStack.cpp" />
    <ClCompile Include="runtime\instructions\LoadConstNumberInstruction.cpp" />
    <ClCompile Include="runtime\instructions\LoadConstStringInstruction.cpp" />
    <ClCompile Include="runtime\instructions\LoadMemberValueInstruction.cpp" />
    <ClCompile Include="runtime\instructions\StoreMemberValueInstruction.cpp" />
    <ClCompile Include="runtime\instructions\LoadNullInstruction.cpp" />
    <ClCompile Include="runtime\instructions\PopInstruction.cpp" />
    <ClCompile Include="runtime\instructions\YieldAsMainInstruction.cpp" />
    <ClCompile Include="runtime\instructions\YieldAsNamedInstruction.cpp" />
    <ClCompile Include="runtime\instructions\LoadScopeValueInstruction.cpp" />
    <ClCompile Include="runtime\instructions\StoreScopeValueInstruction.cpp" />
    <ClCompile Include="runtime\ObjectStack.cpp" />
    <ClCompile Include="runtime\NativeFunctionDefinition.cpp" />
    <ClCompile Include="corelib\BinaryArithmeticOperatorFunctionDefinition.cpp" />
    <ClCompile Include="corelib\AssignmentOperatorFunctionDefinition.cpp" />
    <ClCompile Include="corelib\RelationalOperatorFunctionDefinition.cpp" />
  </ItemGroup>
  <ItemGroup>
    <Filter Include="compiler">
      <UniqueIdentifier>{786e5e2c-7578-468c-ac45-9d3558127d7d}</UniqueIdentifier>
    </Filter>
    <Filter Include="compiler\generated">
      <UniqueIdentifier>{d249db30-c68f-4dd3-a55e-25e880165336}</UniqueIdentifier>
    </Filter>
    <Filter Include="compiler\instructions">
      <UniqueIdentifier>{b5b1082c-9f1c-4370-8a83-bace52e25cc9}</UniqueIdentifier>
    </Filter>
  </ItemGroup>
  <ItemGroup>
    <None Include="Grammar\GeoGenScript.g" />
    <None Include="Grammar\test.ggs" />
    <None Include="Grammar\output\GeoGenScript.tokens">
      <Filter>compiler\generated</Filter>
    </None>
    <None Include="Grammar\GeoGenScriptDecls.g" />
    <None Include="Grammar\output\GeoGenScriptDecls.tokens">
      <Filter>compiler\generated</Filter>
    </None>
  </ItemGroup>
</Project>