Microsoft Visual Studio Solution File, Format Version 10.00
# Visual Studio 2008
Project("{8BC9CEB8-8B4A-11D0-8D11-00A0C91BC942}") = "GeoGen Dev", "project files\GeoGen.vcproj", "{66F6AB2A-F3C4-4BF2-A748-EFE501AFCE4B}"
EndProject
Project("{8BC9CEB8-8B4A-11D0-8D11-00A0C91BC942}") = "GeoGen Lib", "project files\GeoGen Lib.vcproj", "{0F6088B0-1D98-4D2D-B995-D1C45FC78F55}"
EndProject
Project("{8BC9CEB8-8B4A-11D0-8D11-00A0C91BC942}") = "GeoGen Console", "project files\GeoGen Console.vcproj", "{0CE07DBD-AADC-42E5-9B1E-966302EAF03D}"
	ProjectSection(ProjectDependencies) = postProject
		{0F6088B0-1D98-4D2D-B995-D1C45FC78F55} = {0F6088B0-1D98-4D2D-B995-D1C45FC78F55}
	EndProjectSection
EndProject
Project("{FAE04EC0-301F-11D3-BF4B-00C04F79EFBC}") = "GeoGen Studio", "src_gui\GeoGen Studio.csproj", "{EE9C17D4-EA12-4E97-8532-E71E206806ED}"
EndProject
Global
	GlobalSection(SolutionConfigurationPlatforms) = preSolution
		Debug|Any CPU = Debug|Any CPU
		Debug|Mixed Platforms = Debug|Mixed Platforms
		Debug|Win32 = Debug|Win32
		Release|Any CPU = Release|Any CPU
		Release|Mixed Platforms = Release|Mixed Platforms
		Release|Win32 = Release|Win32
	EndGlobalSection
	GlobalSection(ProjectConfigurationPlatforms) = postSolution
		{66F6AB2A-F3C4-4BF2-A748-EFE501AFCE4B}.Debug|Any CPU.ActiveCfg = Debug|Win32
		{66F6AB2A-F3C4-4BF2-A748-EFE501AFCE4B}.Debug|Mixed Platforms.ActiveCfg = Debug|Win32
		{66F6AB2A-F3C4-4BF2-A748-EFE501AFCE4B}.Debug|Mixed Platforms.Build.0 = Debug|Win32
		{66F6AB2A-F3C4-4BF2-A748-EFE501AFCE4B}.Debug|Win32.ActiveCfg = Debug|Win32
		{66F6AB2A-F3C4-4BF2-A748-EFE501AFCE4B}.Debug|Win32.Build.0 = Debug|Win32
		{66F6AB2A-F3C4-4BF2-A748-EFE501AFCE4B}.Release|Any CPU.ActiveCfg = Release|Win32
		{66F6AB2A-F3C4-4BF2-A748-EFE501AFCE4B}.Release|Mixed Platforms.ActiveCfg = Release|Win32
		{66F6AB2A-F3C4-4BF2-A748-EFE501AFCE4B}.Release|Mixed Platforms.Build.0 = Release|Win32
		{66F6AB2A-F3C4-4BF2-A748-EFE501AFCE4B}.Release|Win32.ActiveCfg = Release|Win32
		{66F6AB2A-F3C4-4BF2-A748-EFE501AFCE4B}.Release|Win32.Build.0 = Release|Win32
		{0F6088B0-1D98-4D2D-B995-D1C45FC78F55}.Debug|Any CPU.ActiveCfg = Debug|Win32
		{0F6088B0-1D98-4D2D-B995-D1C45FC78F55}.Debug|Mixed Platforms.ActiveCfg = Debug|Win32
		{0F6088B0-1D98-4D2D-B995-D1C45FC78F55}.Debug|Win32.ActiveCfg = Debug|Win32
		{0F6088B0-1D98-4D2D-B995-D1C45FC78F55}.Debug|Win32.Build.0 = Debug|Win32
		{0F6088B0-1D98-4D2D-B995-D1C45FC78F55}.Release|Any CPU.ActiveCfg = Release|Win32
		{0F6088B0-1D98-4D2D-B995-D1C45FC78F55}.Release|Mixed Platforms.ActiveCfg = Release|Win32
		{0F6088B0-1D98-4D2D-B995-D1C45FC78F55}.Release|Win32.ActiveCfg = Release|Win32
		{0F6088B0-1D98-4D2D-B995-D1C45FC78F55}.Release|Win32.Build.0 = Release|Win32
		{0CE07DBD-AADC-42E5-9B1E-966302EAF03D}.Debug|Any CPU.ActiveCfg = Debug|Win32
		{0CE07DBD-AADC-42E5-9B1E-966302EAF03D}.Debug|Mixed Platforms.ActiveCfg = Debug|Win32
		{0CE07DBD-AADC-42E5-9B1E-966302EAF03D}.Debug|Win32.ActiveCfg = Debug|Win32
		{0CE07DBD-AADC-42E5-9B1E-966302EAF03D}.Debug|Win32.Build.0 = Debug|Win32
		{0CE07DBD-AADC-42E5-9B1E-966302EAF03D}.Release|Any CPU.ActiveCfg = Release|Win32
		{0CE07DBD-AADC-42E5-9B1E-966302EAF03D}.Release|Mixed Platforms.ActiveCfg = Release|Win32
		{0CE07DBD-AADC-42E5-9B1E-966302EAF03D}.Release|Win32.ActiveCfg = Release|Win32
		{0CE07DBD-AADC-42E5-9B1E-966302EAF03D}.Release|Win32.Build.0 = Release|Win32
		{EE9C17D4-EA12-4E97-8532-E71E206806ED}.Debug|Any CPU.ActiveCfg = Debug|Any CPU
		{EE9C17D4-EA12-4E97-8532-E71E206806ED}.Debug|Any CPU.Build.0 = Debug|Any CPU
		{EE9C17D4-EA12-4E97-8532-E71E206806ED}.Debug|Mixed Platforms.ActiveCfg = Debug|Any CPU
		{EE9C17D4-EA12-4E97-8532-E71E206806ED}.Debug|Mixed Platforms.Build.0 = Debug|Any CPU
		{EE9C17D4-EA12-4E97-8532-E71E206806ED}.Debug|Win32.ActiveCfg = Debug|Any CPU
		{EE9C17D4-EA12-4E97-8532-E71E206806ED}.Release|Any CPU.ActiveCfg = Release|Any CPU
		{EE9C17D4-EA12-4E97-8532-E71E206806ED}.Release|Any CPU.Build.0 = Release|Any CPU
		{EE9C17D4-EA12-4E97-8532-E71E206806ED}.Release|Mixed Platforms.ActiveCfg = Release|Any CPU
		{EE9C17D4-EA12-4E97-8532-E71E206806ED}.Release|Mixed Platforms.Build.0 = Release|Any CPU
		{EE9C17D4-EA12-4E97-8532-E71E206806ED}.Release|Win32.ActiveCfg = Release|Any CPU
	EndGlobalSection
	GlobalSection(SolutionProperties) = preSolution
		HideSolutionNode = FALSE
	EndGlobalSection
EndGlobal
