<?xml version="1.0" encoding="utf-8"?>
<Project ToolsVersion="4.0" xmlns="http://schemas.microsoft.com/developer/msbuild/2003">
  <ItemGroup>
    <ClInclude Include="Generator.hpp" />
    <ClInclude Include="GeoGen.hpp" />
    <ClInclude Include="compiler\Compiler.hpp">
      <Filter>compiler</Filter>
    </ClInclude>
    <ClInclude Include="compiler\CompiledScript.hpp">
      <Filter>compiler</Filter>
    </ClInclude>
    <ClInclude Include="Grammar\output\GeoGenScriptLexer.h">
      <Filter>compiler\generated</Filter>
    </ClInclude>
    <ClInclude Include="Grammar\output\GeoGenScriptParser.h">
      <Filter>compiler\generated</Filter>
    </ClInclude>
  </ItemGroup>
  <ItemGroup>
    <ClCompile Include="Generator.cpp" />
    <ClCompile Include="compiler\Compiler.cpp">
      <Filter>compiler</Filter>
    </ClCompile>
    <ClCompile Include="Grammar\output\GeoGenScriptLexer.c">
      <Filter>compiler\generated</Filter>
    </ClCompile>
    <ClCompile Include="Grammar\output\GeoGenScriptParser.c">
      <Filter>compiler\generated</Filter>
    </ClCompile>
  </ItemGroup>
  <ItemGroup>
    <Filter Include="compiler">
      <UniqueIdentifier>{786e5e2c-7578-468c-ac45-9d3558127d7d}</UniqueIdentifier>
    </Filter>
    <Filter Include="compiler\generated">
      <UniqueIdentifier>{d249db30-c68f-4dd3-a55e-25e880165336}</UniqueIdentifier>
    </Filter>
  </ItemGroup>
  <ItemGroup>
    <None Include="Grammar\GeoGenScript.g" />
    <None Include="Grammar\test.ggs" />
    <None Include="Grammar\output\GeoGenScript.tokens">
      <Filter>compiler\generated</Filter>
    </None>
  </ItemGroup>
</Project>