<?xml version="1.0" encoding="utf-8"?>
<Project ToolsVersion="4.0" xmlns="http://schemas.microsoft.com/developer/msbuild/2003">
  <ItemGroup>
    <ClCompile Include="main.cpp" />
    <ClCompile Include="CommandTable.cpp" />
    <ClCompile Include="Debugger.cpp" />
    <ClCompile Include="Loader.cpp" />
    <ClCompile Include="RendererDebugger.cpp" />
    <ClCompile Include="ImageWriter.cpp" />
  </ItemGroup>
  <ItemGroup>
    <Text Include="testinput2.txt" />
    <Text Include="testinput.txt" />
    <Text Include="finite.txt" />
  </ItemGroup>
  <ItemGroup>
    <ClInclude Include="RuntimeCommand.hpp" />
    <ClInclude Include="Command.hpp" />
    <ClInclude Include="CommandTable.hpp" />
    <ClInclude Include="runtime_commands\StepRuntimeCommand.hpp" />
    <ClInclude Include="Debugger.hpp" />
    <ClInclude Include="runtime_commands\HelpRuntimeCommand.hpp" />
    <ClInclude Include="runtime_commands\ObjectStackRuntimeCommand.hpp" />
    <ClInclude Include="runtime_commands\CallStackRuntimeCommand.hpp" />
    <ClInclude Include="runtime_commands\ReadVariableRuntimeCommand.hpp" />
    <ClInclude Include="runtime_commands\CodeBlockStackRuntimeCommand.hpp" />
    <ClInclude Include="runtime_commands\CodeBlockCodeRuntimeCommand.hpp" />
    <ClInclude Include="runtime_commands\ManagedObjectsRuntimeCommand.hpp" />
    <ClInclude Include="runtime_commands\RenderingSequenceRuntimeCommand.hpp" />
    <ClInclude Include="runtime_commands\RunRuntimeCommand.hpp" />
    <ClInclude Include="ConsoleUtils.hpp" />
    <ClInclude Include="runtime_commands\DumpRuntimeCommand.hpp" />
    <ClInclude Include="ArgDesc.hpp" />
    <ClInclude Include="Loader.hpp" />
    <ClInclude Include="ProgramArguments.hpp" />
    <ClInclude Include="LoaderCommand.hpp" />
    <ClInclude Include="loader_commands\LoadLoaderCommand.hpp" />
    <ClInclude Include="loader_commands\DebugLoaderCommand.hpp" />
    <ClInclude Include="loader_commands\HelpLoaderCommand.hpp" />
    <ClInclude Include="loader_commands\QuitLoaderCommand.hpp" />
    <ClInclude Include="runtime_commands\QuitRuntimeCommand.hpp" />
    <ClInclude Include="runtime_commands\StopRuntimeCommand.hpp" />
    <ClInclude Include="loader_commands\RunLoaderCommand.hpp" />
    <ClInclude Include="RendererDebugger.hpp" />
    <ClInclude Include="RendererCommand.hpp" />
    <ClInclude Include="renderer_commands\HelpRendererCommand.hpp" />
    <ClInclude Include="renderer_commands\QuitRendererCommand.hpp" />
    <ClInclude Include="renderer_commands\RenderingSequenceMetadataRendererCommand.hpp" />
    <ClInclude Include="renderer_commands\RenderingSequenceRendererCommand.hpp" />
    <ClInclude Include="renderer_commands\RunRendererCommand.hpp" />
    <ClInclude Include="renderer_commands\StepRendererCommand.hpp" />
    <ClInclude Include="renderer_commands\StopRendererCommand.hpp" />
    <ClInclude Include="renderer_commands\ObjectTableRendererCommand.hpp" />
    <ClInclude Include="renderer_commands\SaveRendererCommand.hpp" />
    <ClInclude Include="ImageWriter.hpp" />
    <ClInclude Include="loader_commands\RenderSizeLoaderCommand.hpp" />
    <ClInclude Include="loader_commands\ReloadLoaderCommand.hpp" />
    <ClInclude Include="loader_commands\MapSizeLoaderCommand.hpp" />
    <ClInclude Include="loader_commands\RenderScaleLoaderCommand.hpp" />
    <ClInclude Include="runtime_commands\ArgumentsRuntimeCommand.hpp" />
    <ClInclude Include="loader_commands\RandomSeedLoaderCommand.hpp" />
    <ClInclude Include="renderer_commands\AutosaveRendererCommand.hpp" />
    <ClInclude Include="renderer_commands\RenderingSequenceGraphRendererCommand.hpp" />
    <ClInclude Include="loader_commands\ParameterLoaderCommand.hpp" />
    <ClInclude Include="loader_commands\RenderOriginLoaderCommand.hpp" />
  </ItemGroup>
</Project>