<?xml version="1.0" encoding="utf-8"?>
<Project ToolsVersion="4.0" xmlns="http://schemas.microsoft.com/developer/msbuild/2003">
  <ItemGroup>
    <Filter Include="NewFilter1">
      <UniqueIdentifier>{dfad310d-6132-48e3-b028-61313b279db1}</UniqueIdentifier>
    </Filter>
  </ItemGroup>
  <ItemGroup>
    <None Include="MainPage.cs" />
    <None Include="classes\HeightMap.cs" />
    <None Include="pages\LanguageReference.cs" />
    <None Include="pages\BasicSyntax.cs" />
    <None Include="pages\ScriptStructure.cs" />
    <None Include="pages\TypeSystem.cs" />
    <None Include="pages\Metadata.cs" />
    <None Include="pages\Operators.cs" />
    <None Include="classes\Number.cs" />
    <None Include="classes\Boolean.cs" />
    <None Include="Doxyfile" />
    <None Include="pages\Variables.cs" />
    <None Include="pages\Functions.cs" />
    <None Include="pages\ControlStructures.cs" />
    <None Include="pages\EnumTypes.cs" />
    <None Include="classes\Array.cs" />
    <None Include="classes\Coordinate.cs" />
    <None Include="classes\Point.cs" />
    <None Include="classes\RandomSequence2D.cs" />
    <None Include="classes\StandardLibrary.cs" />
    <None Include="pages\Yield.cs" />
    <None Include="classes\String.cs" />
    <None Include="tutorials\FirstScript.cs" />
    <None Include="tutorials\Tutorials.cs" />
    <None Include="tutorials\CombiningMaps.cs" />
    <None Include="tutorials\HeightMaps.cs" />
    <None Include="classes\HeightProfile.cs" />
    <None Include="ErrorCodes.cs" />
    <None Include="tutorials\Console.cs" />
  </ItemGroup>
  <ItemGroup>
    <Xml Include="DoxygenLayout.xml" />
  </ItemGroup>
  <ItemGroup>
    <Image Include="..\..\..\..\documents\visual studio 2013\Projects\PreviewRenderer\PreviewRenderer\bin\Debug\out.png" />
    <Image Include="images\std_2d_abs.png" />
    <Image Include="images\std_2d_add_map.png" />
    <Image Include="images\std_2d_add_map_mask.png" />
    <Image Include="images\std_2d_add_number.png" />
    <Image Include="images\std_2d_blur.png" />
    <Image Include="images\std_2d_clampheights.png" />
    <Image Include="images\std_2d_clone.png" />
    <Image Include="images\std_2d_combine.png" />
    <Image Include="images\std_2d_crop.png" />
    <Image Include="images\std_2d_cropheights.png" />
    <Image Include="images\std_2d_fill.png" />
    <Image Include="images\std_2d_fillrectangle.png" />
    <Image Include="images\std_2d_gradient.png" />
    <Image Include="images\std_2d_intersect.png" />
    <Image Include="images\std_2d_invert.png" />
    <Image Include="images\std_2d_move.png" />
    <Image Include="images\std_2d_multiply_map.png" />
    <Image Include="images\std_2d_multiply_number.png" />
    <Image Include="images\std_2d_noise_custom.png" />
    <Image Include="images\std_2d_noise_standard.png" />
    <Image Include="images\std_2d_pattern.png" />
    <Image Include="images\std_2d_projection.png" />
    <Image Include="images\std_2d_radial_gradient.png" />
    <Image Include="images\std_2d_rescale.png" />
    <Image Include="images\std_2d_rotate.png" />
    <Image Include="images\std_2d_shear.png" />
    <Image Include="images\std_2d_shift.png" />
    <Image Include="images\std_2d_transform.png" />
    <Image Include="images\std_2d_unify.png" />
    <Image Include="images\tut_combining_1.png" />
    <Image Include="images\tut_combining_2.png" />
    <Image Include="images\tut_geneva.png" />
    <Image Include="images\tut_world.png" />
    <Image Include="images\std_2d_convexitymap.png" />
    <Image Include="images\std_2d_distancemap.png" />
    <Image Include="images\std_2d_distort.png" />
    <Image Include="images\std_2d_flip.png" />
    <Image Include="images\tut_introduction.png" />
    <Image Include="images\std_2d_drawline.png" />
  </ItemGroup>
</Project>